// !$*UTF8*$!
{
	archiveVersion = 1;
	classes = {
	};
	objectVersion = 51;
	objects = {

/* Begin PBXBuildFile section */
		3903432025D6776B0038E33F /* RadarFilterViewModel.swift in Sources */ = {isa = PBXBuildFile; fileRef = 3903431F25D6776B0038E33F /* RadarFilterViewModel.swift */; };
		39219CD225C58A1900B55096 /* RadarsMapViewModel.swift in Sources */ = {isa = PBXBuildFile; fileRef = 39219CD125C58A1900B55096 /* RadarsMapViewModel.swift */; };
		39219CD425C58FED00B55096 /* UIStoryboard+Extensions.swift in Sources */ = {isa = PBXBuildFile; fileRef = 39219CD325C58FED00B55096 /* UIStoryboard+Extensions.swift */; };
		39219CD825C596E300B55096 /* Pods_BosniaRoadConditionsApp.framework in Frameworks */ = {isa = PBXBuildFile; fileRef = 0B25B1E391B4C30EFA37B5AC /* Pods_BosniaRoadConditionsApp.framework */; };
		39219CD925C596E300B55096 /* Pods_BosniaRoadConditionsApp.framework in Embed Frameworks */ = {isa = PBXBuildFile; fileRef = 0B25B1E391B4C30EFA37B5AC /* Pods_BosniaRoadConditionsApp.framework */; settings = {ATTRIBUTES = (CodeSignOnCopy, RemoveHeadersOnCopy, ); }; };
		392937D025B324E80030F33F /* Radar+CoreDataClass.swift in Sources */ = {isa = PBXBuildFile; fileRef = 392937CE25B324E80030F33F /* Radar+CoreDataClass.swift */; };
		392937D125B324E80030F33F /* Radar+CoreDataProperties.swift in Sources */ = {isa = PBXBuildFile; fileRef = 392937CF25B324E80030F33F /* Radar+CoreDataProperties.swift */; };
		392937D625B3263F0030F33F /* TrafficEndpoints.swift in Sources */ = {isa = PBXBuildFile; fileRef = 392937D525B3263F0030F33F /* TrafficEndpoints.swift */; };
		392937DF25B328630030F33F /* NetworkService.swift in Sources */ = {isa = PBXBuildFile; fileRef = 392937DE25B328630030F33F /* NetworkService.swift */; };
		392937E225B331020030F33F /* PersistanceService.swift in Sources */ = {isa = PBXBuildFile; fileRef = 392937E125B331020030F33F /* PersistanceService.swift */; };
		392937E625B333330030F33F /* MainManager.swift in Sources */ = {isa = PBXBuildFile; fileRef = 392937E525B333330030F33F /* MainManager.swift */; };
		392937F125B3757A0030F33F /* ManagedObject.swift in Sources */ = {isa = PBXBuildFile; fileRef = 392937F025B3757A0030F33F /* ManagedObject.swift */; };
		392937F825B376390030F33F /* NSManagedObjectContext+Extensions.swift in Sources */ = {isa = PBXBuildFile; fileRef = 392937F725B376390030F33F /* NSManagedObjectContext+Extensions.swift */; };
		392A6FFF25AB18D3000361EA /* Array+Extensions.swift in Sources */ = {isa = PBXBuildFile; fileRef = 392A6FFE25AB18D3000361EA /* Array+Extensions.swift */; };
		3931A26B25B4B66800F9E38F /* RadarsMapStoryboard.storyboard in Resources */ = {isa = PBXBuildFile; fileRef = 3931A26A25B4B66800F9E38F /* RadarsMapStoryboard.storyboard */; };
		3931A27225B4B6C500F9E38F /* RadarsMapViewController.swift in Sources */ = {isa = PBXBuildFile; fileRef = 3931A27125B4B6C500F9E38F /* RadarsMapViewController.swift */; };
		3931A27525B4B8C500F9E38F /* Constants.swift in Sources */ = {isa = PBXBuildFile; fileRef = 3931A27425B4B8C500F9E38F /* Constants.swift */; };
		3933E04B25BC8C4F008ABBB3 /* UIViewController+Extensions.swift in Sources */ = {isa = PBXBuildFile; fileRef = 3933E04A25BC8C4F008ABBB3 /* UIViewController+Extensions.swift */; };
		395ACB8225CD7E5C00060A73 /* Optional+Extensions.swift in Sources */ = {isa = PBXBuildFile; fileRef = 395ACB8125CD7E5C00060A73 /* Optional+Extensions.swift */; };
		395ACB8425CD7ED700060A73 /* String+Extensions.swift in Sources */ = {isa = PBXBuildFile; fileRef = 395ACB8325CD7ED700060A73 /* String+Extensions.swift */; };
		395ACB8725CD908C00060A73 /* RadarMarkerView.swift in Sources */ = {isa = PBXBuildFile; fileRef = 395ACB8625CD908C00060A73 /* RadarMarkerView.swift */; };
		39AB6C1325D04FC4001683C9 /* UITableView+Extensions.swift in Sources */ = {isa = PBXBuildFile; fileRef = 39AB6C1225D04FC4001683C9 /* UITableView+Extensions.swift */; };
		39AB6C1725D05B34001683C9 /* RadarDetailsViewCell.swift in Sources */ = {isa = PBXBuildFile; fileRef = 39AB6C1525D05B34001683C9 /* RadarDetailsViewCell.swift */; };
		39AB6C1825D05B34001683C9 /* RadarDetailsViewCell.xib in Resources */ = {isa = PBXBuildFile; fileRef = 39AB6C1625D05B34001683C9 /* RadarDetailsViewCell.xib */; };
		39B5AB9D25B8C51000AEB23B /* Localizable.strings in Resources */ = {isa = PBXBuildFile; fileRef = 39B5AB9F25B8C51000AEB23B /* Localizable.strings */; };
		39B5ABA525B8C57C00AEB23B /* Localization.swift in Sources */ = {isa = PBXBuildFile; fileRef = 39B5ABA425B8C57C00AEB23B /* Localization.swift */; };
		39B5ABA825B8CE4A00AEB23B /* Colors.xcassets in Resources */ = {isa = PBXBuildFile; fileRef = 39B5ABA725B8CE4A00AEB23B /* Colors.xcassets */; };
		39B750FC25CF256700DAA99A /* UIActivityIndicatorView+Extensions.swift in Sources */ = {isa = PBXBuildFile; fileRef = 39B750FB25CF256700DAA99A /* UIActivityIndicatorView+Extensions.swift */; };
		39B7510425CF2CAB00DAA99A /* RadarDetailsStoryboard.storyboard in Resources */ = {isa = PBXBuildFile; fileRef = 39B7510325CF2CAB00DAA99A /* RadarDetailsStoryboard.storyboard */; };
		39B7510625CF2CCB00DAA99A /* RadarDetailsViewController.swift in Sources */ = {isa = PBXBuildFile; fileRef = 39B7510525CF2CCB00DAA99A /* RadarDetailsViewController.swift */; };
		39BB0B7525A22222000F3E65 /* AppDelegate.swift in Sources */ = {isa = PBXBuildFile; fileRef = 39BB0B7425A22222000F3E65 /* AppDelegate.swift */; };
		39BB0B7725A22222000F3E65 /* SceneDelegate.swift in Sources */ = {isa = PBXBuildFile; fileRef = 39BB0B7625A22222000F3E65 /* SceneDelegate.swift */; };
		39BB0B7925A22222000F3E65 /* MainViewController.swift in Sources */ = {isa = PBXBuildFile; fileRef = 39BB0B7825A22222000F3E65 /* MainViewController.swift */; };
		39BB0B7C25A22222000F3E65 /* Main.storyboard in Resources */ = {isa = PBXBuildFile; fileRef = 39BB0B7A25A22222000F3E65 /* Main.storyboard */; };
		39BB0B7F25A22222000F3E65 /* BosniaRoadConditionsApp.xcdatamodeld in Sources */ = {isa = PBXBuildFile; fileRef = 39BB0B7D25A22222000F3E65 /* BosniaRoadConditionsApp.xcdatamodeld */; };
		39BB0B8125A22222000F3E65 /* Assets.xcassets in Resources */ = {isa = PBXBuildFile; fileRef = 39BB0B8025A22222000F3E65 /* Assets.xcassets */; };
		39BB0B8425A22222000F3E65 /* LaunchScreen.storyboard in Resources */ = {isa = PBXBuildFile; fileRef = 39BB0B8225A22222000F3E65 /* LaunchScreen.storyboard */; };
		39E0083925D33B3F00C86635 /* RadarFilterViewController.swift in Sources */ = {isa = PBXBuildFile; fileRef = 39E0083825D33B3F00C86635 /* RadarFilterViewController.swift */; };
		39E0083B25D33B5600C86635 /* RadarFilterStoryboard.storyboard in Resources */ = {isa = PBXBuildFile; fileRef = 39E0083A25D33B5600C86635 /* RadarFilterStoryboard.storyboard */; };
		39ECC8AD25D3FBBA0002E48A /* RadarFilterOptionTableViewCell.swift in Sources */ = {isa = PBXBuildFile; fileRef = 39ECC8AB25D3FBBA0002E48A /* RadarFilterOptionTableViewCell.swift */; };
		39ECC8AE25D3FBBA0002E48A /* RadarFilterOptionTableViewCell.xib in Resources */ = {isa = PBXBuildFile; fileRef = 39ECC8AC25D3FBBA0002E48A /* RadarFilterOptionTableViewCell.xib */; };
/* End PBXBuildFile section */

/* Begin PBXCopyFilesBuildPhase section */
		3933E04325BC6651008ABBB3 /* Embed Frameworks */ = {
			isa = PBXCopyFilesBuildPhase;
			buildActionMask = 2147483647;
			dstPath = "";
			dstSubfolderSpec = 10;
			files = (
				39219CD925C596E300B55096 /* Pods_BosniaRoadConditionsApp.framework in Embed Frameworks */,
			);
			name = "Embed Frameworks";
			runOnlyForDeploymentPostprocessing = 0;
		};
/* End PBXCopyFilesBuildPhase section */

/* Begin PBXFileReference section */
		0B25B1E391B4C30EFA37B5AC /* Pods_BosniaRoadConditionsApp.framework */ = {isa = PBXFileReference; explicitFileType = wrapper.framework; includeInIndex = 0; path = Pods_BosniaRoadConditionsApp.framework; sourceTree = BUILT_PRODUCTS_DIR; };
		3903431F25D6776B0038E33F /* RadarFilterViewModel.swift */ = {isa = PBXFileReference; lastKnownFileType = sourcecode.swift; path = RadarFilterViewModel.swift; sourceTree = "<group>"; };
		39219CD125C58A1900B55096 /* RadarsMapViewModel.swift */ = {isa = PBXFileReference; lastKnownFileType = sourcecode.swift; path = RadarsMapViewModel.swift; sourceTree = "<group>"; };
		39219CD325C58FED00B55096 /* UIStoryboard+Extensions.swift */ = {isa = PBXFileReference; lastKnownFileType = sourcecode.swift; path = "UIStoryboard+Extensions.swift"; sourceTree = "<group>"; };
		392937CE25B324E80030F33F /* Radar+CoreDataClass.swift */ = {isa = PBXFileReference; lastKnownFileType = sourcecode.swift; path = "Radar+CoreDataClass.swift"; sourceTree = "<group>"; };
		392937CF25B324E80030F33F /* Radar+CoreDataProperties.swift */ = {isa = PBXFileReference; lastKnownFileType = sourcecode.swift; path = "Radar+CoreDataProperties.swift"; sourceTree = "<group>"; };
		392937D525B3263F0030F33F /* TrafficEndpoints.swift */ = {isa = PBXFileReference; fileEncoding = 4; lastKnownFileType = sourcecode.swift; path = TrafficEndpoints.swift; sourceTree = "<group>"; };
		392937DE25B328630030F33F /* NetworkService.swift */ = {isa = PBXFileReference; lastKnownFileType = sourcecode.swift; path = NetworkService.swift; sourceTree = "<group>"; };
		392937E125B331020030F33F /* PersistanceService.swift */ = {isa = PBXFileReference; lastKnownFileType = sourcecode.swift; path = PersistanceService.swift; sourceTree = "<group>"; };
		392937E525B333330030F33F /* MainManager.swift */ = {isa = PBXFileReference; lastKnownFileType = sourcecode.swift; path = MainManager.swift; sourceTree = "<group>"; };
		392937F025B3757A0030F33F /* ManagedObject.swift */ = {isa = PBXFileReference; lastKnownFileType = sourcecode.swift; path = ManagedObject.swift; sourceTree = "<group>"; };
		392937F725B376390030F33F /* NSManagedObjectContext+Extensions.swift */ = {isa = PBXFileReference; lastKnownFileType = sourcecode.swift; path = "NSManagedObjectContext+Extensions.swift"; sourceTree = "<group>"; };
		392A6FFE25AB18D3000361EA /* Array+Extensions.swift */ = {isa = PBXFileReference; lastKnownFileType = sourcecode.swift; path = "Array+Extensions.swift"; sourceTree = "<group>"; };
		3931A26A25B4B66800F9E38F /* RadarsMapStoryboard.storyboard */ = {isa = PBXFileReference; lastKnownFileType = file.storyboard; path = RadarsMapStoryboard.storyboard; sourceTree = "<group>"; };
		3931A27125B4B6C500F9E38F /* RadarsMapViewController.swift */ = {isa = PBXFileReference; lastKnownFileType = sourcecode.swift; path = RadarsMapViewController.swift; sourceTree = "<group>"; };
		3931A27425B4B8C500F9E38F /* Constants.swift */ = {isa = PBXFileReference; lastKnownFileType = sourcecode.swift; path = Constants.swift; sourceTree = "<group>"; };
		3933E04A25BC8C4F008ABBB3 /* UIViewController+Extensions.swift */ = {isa = PBXFileReference; lastKnownFileType = sourcecode.swift; path = "UIViewController+Extensions.swift"; sourceTree = "<group>"; };
		3933E05425BCAFEE008ABBB3 /* myLocation.gpx */ = {isa = PBXFileReference; lastKnownFileType = text.xml; path = myLocation.gpx; sourceTree = "<group>"; };
		395ACB8125CD7E5C00060A73 /* Optional+Extensions.swift */ = {isa = PBXFileReference; lastKnownFileType = sourcecode.swift; path = "Optional+Extensions.swift"; sourceTree = "<group>"; };
		395ACB8325CD7ED700060A73 /* String+Extensions.swift */ = {isa = PBXFileReference; lastKnownFileType = sourcecode.swift; path = "String+Extensions.swift"; sourceTree = "<group>"; };
		395ACB8625CD908C00060A73 /* RadarMarkerView.swift */ = {isa = PBXFileReference; lastKnownFileType = sourcecode.swift; path = RadarMarkerView.swift; sourceTree = "<group>"; };
		39AB6C1225D04FC4001683C9 /* UITableView+Extensions.swift */ = {isa = PBXFileReference; lastKnownFileType = sourcecode.swift; path = "UITableView+Extensions.swift"; sourceTree = "<group>"; };
		39AB6C1525D05B34001683C9 /* RadarDetailsViewCell.swift */ = {isa = PBXFileReference; lastKnownFileType = sourcecode.swift; path = RadarDetailsViewCell.swift; sourceTree = "<group>"; };
		39AB6C1625D05B34001683C9 /* RadarDetailsViewCell.xib */ = {isa = PBXFileReference; lastKnownFileType = file.xib; path = RadarDetailsViewCell.xib; sourceTree = "<group>"; };
		39B5AB9E25B8C51000AEB23B /* en */ = {isa = PBXFileReference; lastKnownFileType = text.plist.strings; name = en; path = en.lproj/Localizable.strings; sourceTree = "<group>"; };
		39B5ABA125B8C52600AEB23B /* de */ = {isa = PBXFileReference; lastKnownFileType = text.plist.strings; name = de; path = de.lproj/Localizable.strings; sourceTree = "<group>"; };
		39B5ABA425B8C57C00AEB23B /* Localization.swift */ = {isa = PBXFileReference; lastKnownFileType = sourcecode.swift; path = Localization.swift; sourceTree = "<group>"; };
		39B5ABA725B8CE4A00AEB23B /* Colors.xcassets */ = {isa = PBXFileReference; lastKnownFileType = folder.assetcatalog; path = Colors.xcassets; sourceTree = "<group>"; };
		39B750FB25CF256700DAA99A /* UIActivityIndicatorView+Extensions.swift */ = {isa = PBXFileReference; lastKnownFileType = sourcecode.swift; path = "UIActivityIndicatorView+Extensions.swift"; sourceTree = "<group>"; };
		39B7510325CF2CAB00DAA99A /* RadarDetailsStoryboard.storyboard */ = {isa = PBXFileReference; lastKnownFileType = file.storyboard; path = RadarDetailsStoryboard.storyboard; sourceTree = "<group>"; };
		39B7510525CF2CCB00DAA99A /* RadarDetailsViewController.swift */ = {isa = PBXFileReference; lastKnownFileType = sourcecode.swift; path = RadarDetailsViewController.swift; sourceTree = "<group>"; };
		39BB0B7125A22222000F3E65 /* BosniaRoadConditionsApp.app */ = {isa = PBXFileReference; explicitFileType = wrapper.application; includeInIndex = 0; path = BosniaRoadConditionsApp.app; sourceTree = BUILT_PRODUCTS_DIR; };
		39BB0B7425A22222000F3E65 /* AppDelegate.swift */ = {isa = PBXFileReference; lastKnownFileType = sourcecode.swift; path = AppDelegate.swift; sourceTree = "<group>"; };
		39BB0B7625A22222000F3E65 /* SceneDelegate.swift */ = {isa = PBXFileReference; lastKnownFileType = sourcecode.swift; path = SceneDelegate.swift; sourceTree = "<group>"; };
		39BB0B7825A22222000F3E65 /* MainViewController.swift */ = {isa = PBXFileReference; lastKnownFileType = sourcecode.swift; path = MainViewController.swift; sourceTree = "<group>"; };
		39BB0B7B25A22222000F3E65 /* Base */ = {isa = PBXFileReference; lastKnownFileType = file.storyboard; name = Base; path = Base.lproj/Main.storyboard; sourceTree = "<group>"; };
		39BB0B7E25A22222000F3E65 /* BosniaRoadConditionsApp.xcdatamodel */ = {isa = PBXFileReference; lastKnownFileType = wrapper.xcdatamodel; path = BosniaRoadConditionsApp.xcdatamodel; sourceTree = "<group>"; };
		39BB0B8025A22222000F3E65 /* Assets.xcassets */ = {isa = PBXFileReference; lastKnownFileType = folder.assetcatalog; path = Assets.xcassets; sourceTree = "<group>"; };
		39BB0B8325A22222000F3E65 /* Base */ = {isa = PBXFileReference; lastKnownFileType = file.storyboard; name = Base; path = Base.lproj/LaunchScreen.storyboard; sourceTree = "<group>"; };
		39BB0B8525A22222000F3E65 /* Info.plist */ = {isa = PBXFileReference; lastKnownFileType = text.plist.xml; path = Info.plist; sourceTree = "<group>"; };
		39E0083825D33B3F00C86635 /* RadarFilterViewController.swift */ = {isa = PBXFileReference; lastKnownFileType = sourcecode.swift; path = RadarFilterViewController.swift; sourceTree = "<group>"; };
		39E0083A25D33B5600C86635 /* RadarFilterStoryboard.storyboard */ = {isa = PBXFileReference; lastKnownFileType = file.storyboard; path = RadarFilterStoryboard.storyboard; sourceTree = "<group>"; };
		39ECC8AB25D3FBBA0002E48A /* RadarFilterOptionTableViewCell.swift */ = {isa = PBXFileReference; lastKnownFileType = sourcecode.swift; path = RadarFilterOptionTableViewCell.swift; sourceTree = "<group>"; };
		39ECC8AC25D3FBBA0002E48A /* RadarFilterOptionTableViewCell.xib */ = {isa = PBXFileReference; lastKnownFileType = file.xib; path = RadarFilterOptionTableViewCell.xib; sourceTree = "<group>"; };
		4C55C7A4D500C48E0C623C29 /* Pods-BosniaRoadConditionsApp.release.xcconfig */ = {isa = PBXFileReference; includeInIndex = 1; lastKnownFileType = text.xcconfig; name = "Pods-BosniaRoadConditionsApp.release.xcconfig"; path = "Target Support Files/Pods-BosniaRoadConditionsApp/Pods-BosniaRoadConditionsApp.release.xcconfig"; sourceTree = "<group>"; };
		73EFF976B0AEC8EC16356F98 /* Pods-BosniaRoadConditionsApp.debug.xcconfig */ = {isa = PBXFileReference; includeInIndex = 1; lastKnownFileType = text.xcconfig; name = "Pods-BosniaRoadConditionsApp.debug.xcconfig"; path = "Target Support Files/Pods-BosniaRoadConditionsApp/Pods-BosniaRoadConditionsApp.debug.xcconfig"; sourceTree = "<group>"; };
/* End PBXFileReference section */

/* Begin PBXFrameworksBuildPhase section */
		39BB0B6E25A22222000F3E65 /* Frameworks */ = {
			isa = PBXFrameworksBuildPhase;
			buildActionMask = 2147483647;
			files = (
				39219CD825C596E300B55096 /* Pods_BosniaRoadConditionsApp.framework in Frameworks */,
			);
			runOnlyForDeploymentPostprocessing = 0;
		};
/* End PBXFrameworksBuildPhase section */

/* Begin PBXGroup section */
		392A6FF325AAF841000361EA /* Services */ = {
			isa = PBXGroup;
			children = (
				392937D525B3263F0030F33F /* TrafficEndpoints.swift */,
				392937DE25B328630030F33F /* NetworkService.swift */,
				392937E125B331020030F33F /* PersistanceService.swift */,
				392937E525B333330030F33F /* MainManager.swift */,
			);
			path = Services;
			sourceTree = "<group>";
		};
		392A6FF925AAF950000361EA /* Model */ = {
			isa = PBXGroup;
			children = (
				392937CE25B324E80030F33F /* Radar+CoreDataClass.swift */,
				392937CF25B324E80030F33F /* Radar+CoreDataProperties.swift */,
			);
			path = Model;
			sourceTree = "<group>";
		};
		392A6FFD25AB18B0000361EA /* Extensions */ = {
			isa = PBXGroup;
			children = (
				392A6FFE25AB18D3000361EA /* Array+Extensions.swift */,
				392937F725B376390030F33F /* NSManagedObjectContext+Extensions.swift */,
				395ACB8125CD7E5C00060A73 /* Optional+Extensions.swift */,
				395ACB8325CD7ED700060A73 /* String+Extensions.swift */,
				39B750FB25CF256700DAA99A /* UIActivityIndicatorView+Extensions.swift */,
				39219CD325C58FED00B55096 /* UIStoryboard+Extensions.swift */,
				39AB6C1225D04FC4001683C9 /* UITableView+Extensions.swift */,
				3933E04A25BC8C4F008ABBB3 /* UIViewController+Extensions.swift */,
			);
			path = Extensions;
			sourceTree = "<group>";
		};
		39AB6C1425D05B1C001683C9 /* Cell */ = {
			isa = PBXGroup;
			children = (
				39AB6C1525D05B34001683C9 /* RadarDetailsViewCell.swift */,
				39AB6C1625D05B34001683C9 /* RadarDetailsViewCell.xib */,
			);
			path = Cell;
			sourceTree = "<group>";
		};
		39B5ABAA25B8CE4F00AEB23B /* Database */ = {
			isa = PBXGroup;
			children = (
				392937F025B3757A0030F33F /* ManagedObject.swift */,
				39BB0B7D25A22222000F3E65 /* BosniaRoadConditionsApp.xcdatamodeld */,
			);
			path = Database;
			sourceTree = "<group>";
		};
		39B5ABAB25B8CE6700AEB23B /* MaterialDesign */ = {
			isa = PBXGroup;
			children = (
				39BB0B8025A22222000F3E65 /* Assets.xcassets */,
				39B5ABA725B8CE4A00AEB23B /* Colors.xcassets */,
			);
			path = MaterialDesign;
			sourceTree = "<group>";
		};
		39B5ABAC25B8CE8100AEB23B /* Translations */ = {
			isa = PBXGroup;
			children = (
				39B5AB9F25B8C51000AEB23B /* Localizable.strings */,
				39B5ABA425B8C57C00AEB23B /* Localization.swift */,
			);
			path = Translations;
			sourceTree = "<group>";
		};
		39B750F525CF1E6000DAA99A /* Radars */ = {
			isa = PBXGroup;
			children = (
				3931A26A25B4B66800F9E38F /* RadarsMapStoryboard.storyboard */,
				395ACB8625CD908C00060A73 /* RadarMarkerView.swift */,
				3931A27125B4B6C500F9E38F /* RadarsMapViewController.swift */,
				39219CD125C58A1900B55096 /* RadarsMapViewModel.swift */,
				39E0083625D33AA400C86635 /* Details */,
				39E0083725D33B0800C86635 /* Filter */,
				392A6FF925AAF950000361EA /* Model */,
			);
			path = Radars;
			sourceTree = "<group>";
		};
		39B750FE25CF2B2E00DAA99A /* Storyboards */ = {
			isa = PBXGroup;
			children = (
				39BB0B8225A22222000F3E65 /* LaunchScreen.storyboard */,
				39BB0B7A25A22222000F3E65 /* Main.storyboard */,
			);
			path = Storyboards;
			sourceTree = "<group>";
		};
		39BB0B6825A22222000F3E65 = {
			isa = PBXGroup;
			children = (
				39BB0B7325A22222000F3E65 /* BosniaRoadConditionsApp */,
				DAAAF1DB7814F250D70DD144 /* Frameworks */,
				585DFAB00C34C8CA286937FA /* Pods */,
				39BB0B7225A22222000F3E65 /* Products */,
			);
			sourceTree = "<group>";
		};
		39BB0B7225A22222000F3E65 /* Products */ = {
			isa = PBXGroup;
			children = (
				39BB0B7125A22222000F3E65 /* BosniaRoadConditionsApp.app */,
			);
			name = Products;
			sourceTree = "<group>";
		};
		39BB0B7325A22222000F3E65 /* BosniaRoadConditionsApp */ = {
			isa = PBXGroup;
			children = (
				39BB0B7825A22222000F3E65 /* MainViewController.swift */,
				39BB0BA225A2265C000F3E65 /* AppBackground */,
				392A6FFD25AB18B0000361EA /* Extensions */,
				39B750F525CF1E6000DAA99A /* Radars */,
				392A6FF325AAF841000361EA /* Services */,
				39B750FE25CF2B2E00DAA99A /* Storyboards */,
				39E05C8925AA13B200026E05 /* Supporting Files */,
			);
			path = BosniaRoadConditionsApp;
			sourceTree = "<group>";
		};
		39BB0BA225A2265C000F3E65 /* AppBackground */ = {
			isa = PBXGroup;
			children = (
				39BB0B8525A22222000F3E65 /* Info.plist */,
				39BB0B7625A22222000F3E65 /* SceneDelegate.swift */,
				39BB0B7425A22222000F3E65 /* AppDelegate.swift */,
				3933E05425BCAFEE008ABBB3 /* myLocation.gpx */,
			);
			path = AppBackground;
			sourceTree = "<group>";
		};
		39E0083625D33AA400C86635 /* Details */ = {
			isa = PBXGroup;
			children = (
				39B7510325CF2CAB00DAA99A /* RadarDetailsStoryboard.storyboard */,
				39B7510525CF2CCB00DAA99A /* RadarDetailsViewController.swift */,
				39AB6C1425D05B1C001683C9 /* Cell */,
			);
			path = Details;
			sourceTree = "<group>";
		};
		39E0083725D33B0800C86635 /* Filter */ = {
			isa = PBXGroup;
			children = (
				39E0083A25D33B5600C86635 /* RadarFilterStoryboard.storyboard */,
				39E0083825D33B3F00C86635 /* RadarFilterViewController.swift */,
				3903431F25D6776B0038E33F /* RadarFilterViewModel.swift */,
				39ECC8AA25D3FB420002E48A /* Cell */,
			);
			path = Filter;
			sourceTree = "<group>";
		};
		39E05C8925AA13B200026E05 /* Supporting Files */ = {
			isa = PBXGroup;
			children = (
				3931A27425B4B8C500F9E38F /* Constants.swift */,
				39B5ABAA25B8CE4F00AEB23B /* Database */,
				39B5ABAB25B8CE6700AEB23B /* MaterialDesign */,
				39B5ABAC25B8CE8100AEB23B /* Translations */,
			);
			path = "Supporting Files";
			sourceTree = "<group>";
		};
		39ECC8AA25D3FB420002E48A /* Cell */ = {
			isa = PBXGroup;
			children = (
				39ECC8AB25D3FBBA0002E48A /* RadarFilterOptionTableViewCell.swift */,
				39ECC8AC25D3FBBA0002E48A /* RadarFilterOptionTableViewCell.xib */,
			);
			path = Cell;
			sourceTree = "<group>";
		};
		585DFAB00C34C8CA286937FA /* Pods */ = {
			isa = PBXGroup;
			children = (
				73EFF976B0AEC8EC16356F98 /* Pods-BosniaRoadConditionsApp.debug.xcconfig */,
				4C55C7A4D500C48E0C623C29 /* Pods-BosniaRoadConditionsApp.release.xcconfig */,
			);
			path = Pods;
			sourceTree = "<group>";
		};
		DAAAF1DB7814F250D70DD144 /* Frameworks */ = {
			isa = PBXGroup;
			children = (
				0B25B1E391B4C30EFA37B5AC /* Pods_BosniaRoadConditionsApp.framework */,
			);
			name = Frameworks;
			sourceTree = "<group>";
		};
/* End PBXGroup section */

/* Begin PBXNativeTarget section */
		39BB0B7025A22222000F3E65 /* BosniaRoadConditionsApp */ = {
			isa = PBXNativeTarget;
			buildConfigurationList = 39BB0B8825A22222000F3E65 /* Build configuration list for PBXNativeTarget "BosniaRoadConditionsApp" */;
			buildPhases = (
				B8AD43AE99C08C48027CA97A /* [CP] Check Pods Manifest.lock */,
				39BB0B6D25A22222000F3E65 /* Sources */,
				39BB0B6E25A22222000F3E65 /* Frameworks */,
				39BB0B6F25A22222000F3E65 /* Resources */,
				D304C4DD718E994A9C7DACB3 /* [CP] Embed Pods Frameworks */,
				3933E04325BC6651008ABBB3 /* Embed Frameworks */,
			);
			buildRules = (
			);
			dependencies = (
			);
			name = BosniaRoadConditionsApp;
			productName = BosniaRoadConditionsApp;
			productReference = 39BB0B7125A22222000F3E65 /* BosniaRoadConditionsApp.app */;
			productType = "com.apple.product-type.application";
		};
/* End PBXNativeTarget section */

/* Begin PBXProject section */
		39BB0B6925A22222000F3E65 /* Project object */ = {
			isa = PBXProject;
			attributes = {
				LastSwiftUpdateCheck = 1220;
				LastUpgradeCheck = 1220;
				ORGANIZATIONNAME = "Eldar Haseljic";
				TargetAttributes = {
					39BB0B7025A22222000F3E65 = {
						CreatedOnToolsVersion = 12.2;
					};
				};
			};
			buildConfigurationList = 39BB0B6C25A22222000F3E65 /* Build configuration list for PBXProject "BosniaRoadConditionsApp" */;
			compatibilityVersion = "Xcode 9.3";
			developmentRegion = en;
			hasScannedForEncodings = 0;
			knownRegions = (
				en,
				Base,
				de,
			);
			mainGroup = 39BB0B6825A22222000F3E65;
			productRefGroup = 39BB0B7225A22222000F3E65 /* Products */;
			projectDirPath = "";
			projectRoot = "";
			targets = (
				39BB0B7025A22222000F3E65 /* BosniaRoadConditionsApp */,
			);
		};
/* End PBXProject section */

/* Begin PBXResourcesBuildPhase section */
		39BB0B6F25A22222000F3E65 /* Resources */ = {
			isa = PBXResourcesBuildPhase;
			buildActionMask = 2147483647;
			files = (
				39B5AB9D25B8C51000AEB23B /* Localizable.strings in Resources */,
				39BB0B8425A22222000F3E65 /* LaunchScreen.storyboard in Resources */,
				39E0083B25D33B5600C86635 /* RadarFilterStoryboard.storyboard in Resources */,
				3931A26B25B4B66800F9E38F /* RadarsMapStoryboard.storyboard in Resources */,
				39B5ABA825B8CE4A00AEB23B /* Colors.xcassets in Resources */,
				39AB6C1825D05B34001683C9 /* RadarDetailsViewCell.xib in Resources */,
				39B7510425CF2CAB00DAA99A /* RadarDetailsStoryboard.storyboard in Resources */,
				39ECC8AE25D3FBBA0002E48A /* RadarFilterOptionTableViewCell.xib in Resources */,
				39BB0B8125A22222000F3E65 /* Assets.xcassets in Resources */,
				39BB0B7C25A22222000F3E65 /* Main.storyboard in Resources */,
			);
			runOnlyForDeploymentPostprocessing = 0;
		};
/* End PBXResourcesBuildPhase section */

/* Begin PBXShellScriptBuildPhase section */
		B8AD43AE99C08C48027CA97A /* [CP] Check Pods Manifest.lock */ = {
			isa = PBXShellScriptBuildPhase;
			buildActionMask = 2147483647;
			files = (
			);
			inputFileListPaths = (
			);
			inputPaths = (
				"${PODS_PODFILE_DIR_PATH}/Podfile.lock",
				"${PODS_ROOT}/Manifest.lock",
			);
			name = "[CP] Check Pods Manifest.lock";
			outputFileListPaths = (
			);
			outputPaths = (
				"$(DERIVED_FILE_DIR)/Pods-BosniaRoadConditionsApp-checkManifestLockResult.txt",
			);
			runOnlyForDeploymentPostprocessing = 0;
			shellPath = /bin/sh;
			shellScript = "diff \"${PODS_PODFILE_DIR_PATH}/Podfile.lock\" \"${PODS_ROOT}/Manifest.lock\" > /dev/null\nif [ $? != 0 ] ; then\n    # print error to STDERR\n    echo \"error: The sandbox is not in sync with the Podfile.lock. Run 'pod install' or update your CocoaPods installation.\" >&2\n    exit 1\nfi\n# This output is used by Xcode 'outputs' to avoid re-running this script phase.\necho \"SUCCESS\" > \"${SCRIPT_OUTPUT_FILE_0}\"\n";
			showEnvVarsInLog = 0;
		};
		D304C4DD718E994A9C7DACB3 /* [CP] Embed Pods Frameworks */ = {
			isa = PBXShellScriptBuildPhase;
			buildActionMask = 2147483647;
			files = (
			);
			inputFileListPaths = (
				"${PODS_ROOT}/Target Support Files/Pods-BosniaRoadConditionsApp/Pods-BosniaRoadConditionsApp-frameworks-${CONFIGURATION}-input-files.xcfilelist",
			);
			name = "[CP] Embed Pods Frameworks";
			outputFileListPaths = (
				"${PODS_ROOT}/Target Support Files/Pods-BosniaRoadConditionsApp/Pods-BosniaRoadConditionsApp-frameworks-${CONFIGURATION}-output-files.xcfilelist",
			);
			runOnlyForDeploymentPostprocessing = 0;
			shellPath = /bin/sh;
			shellScript = "\"${PODS_ROOT}/Target Support Files/Pods-BosniaRoadConditionsApp/Pods-BosniaRoadConditionsApp-frameworks.sh\"\n";
			showEnvVarsInLog = 0;
		};
/* End PBXShellScriptBuildPhase section */

/* Begin PBXSourcesBuildPhase section */
		39BB0B6D25A22222000F3E65 /* Sources */ = {
			isa = PBXSourcesBuildPhase;
			buildActionMask = 2147483647;
			files = (
				392937F125B3757A0030F33F /* ManagedObject.swift in Sources */,
				39E0083925D33B3F00C86635 /* RadarFilterViewController.swift in Sources */,
				395ACB8425CD7ED700060A73 /* String+Extensions.swift in Sources */,
				395ACB8225CD7E5C00060A73 /* Optional+Extensions.swift in Sources */,
				392937DF25B328630030F33F /* NetworkService.swift in Sources */,
				39219CD225C58A1900B55096 /* RadarsMapViewModel.swift in Sources */,
				39219CD425C58FED00B55096 /* UIStoryboard+Extensions.swift in Sources */,
				3931A27225B4B6C500F9E38F /* RadarsMapViewController.swift in Sources */,
				392937E225B331020030F33F /* PersistanceService.swift in Sources */,
				392937D625B3263F0030F33F /* TrafficEndpoints.swift in Sources */,
				3933E04B25BC8C4F008ABBB3 /* UIViewController+Extensions.swift in Sources */,
				3931A27525B4B8C500F9E38F /* Constants.swift in Sources */,
				39B750FC25CF256700DAA99A /* UIActivityIndicatorView+Extensions.swift in Sources */,
				3903432025D6776B0038E33F /* RadarFilterViewModel.swift in Sources */,
				39B7510625CF2CCB00DAA99A /* RadarDetailsViewController.swift in Sources */,
				39B5ABA525B8C57C00AEB23B /* Localization.swift in Sources */,
				39AB6C1725D05B34001683C9 /* RadarDetailsViewCell.swift in Sources */,
				392937D125B324E80030F33F /* Radar+CoreDataProperties.swift in Sources */,
				39BB0B7925A22222000F3E65 /* MainViewController.swift in Sources */,
				392937D025B324E80030F33F /* Radar+CoreDataClass.swift in Sources */,
				392A6FFF25AB18D3000361EA /* Array+Extensions.swift in Sources */,
				392937E625B333330030F33F /* MainManager.swift in Sources */,
				395ACB8725CD908C00060A73 /* RadarMarkerView.swift in Sources */,
				39AB6C1325D04FC4001683C9 /* UITableView+Extensions.swift in Sources */,
				39ECC8AD25D3FBBA0002E48A /* RadarFilterOptionTableViewCell.swift in Sources */,
				39BB0B7F25A22222000F3E65 /* BosniaRoadConditionsApp.xcdatamodeld in Sources */,
				39BB0B7525A22222000F3E65 /* AppDelegate.swift in Sources */,
				39BB0B7725A22222000F3E65 /* SceneDelegate.swift in Sources */,
				392937F825B376390030F33F /* NSManagedObjectContext+Extensions.swift in Sources */,
			);
			runOnlyForDeploymentPostprocessing = 0;
		};
/* End PBXSourcesBuildPhase section */

/* Begin PBXVariantGroup section */
		39B5AB9F25B8C51000AEB23B /* Localizable.strings */ = {
			isa = PBXVariantGroup;
			children = (
				39B5AB9E25B8C51000AEB23B /* en */,
				39B5ABA125B8C52600AEB23B /* de */,
			);
			name = Localizable.strings;
			sourceTree = "<group>";
		};
		39BB0B7A25A22222000F3E65 /* Main.storyboard */ = {
			isa = PBXVariantGroup;
			children = (
				39BB0B7B25A22222000F3E65 /* Base */,
			);
			name = Main.storyboard;
			sourceTree = "<group>";
		};
		39BB0B8225A22222000F3E65 /* LaunchScreen.storyboard */ = {
			isa = PBXVariantGroup;
			children = (
				39BB0B8325A22222000F3E65 /* Base */,
			);
			name = LaunchScreen.storyboard;
			sourceTree = "<group>";
		};
/* End PBXVariantGroup section */

/* Begin XCBuildConfiguration section */
		39BB0B8625A22222000F3E65 /* Debug */ = {
			isa = XCBuildConfiguration;
			buildSettings = {
				ALWAYS_SEARCH_USER_PATHS = NO;
				CLANG_ANALYZER_LOCALIZABILITY_NONLOCALIZED = YES;
				CLANG_ANALYZER_NONNULL = YES;
				CLANG_ANALYZER_NUMBER_OBJECT_CONVERSION = YES_AGGRESSIVE;
				CLANG_CXX_LANGUAGE_STANDARD = "gnu++14";
				CLANG_CXX_LIBRARY = "libc++";
				CLANG_ENABLE_MODULES = YES;
				CLANG_ENABLE_OBJC_ARC = YES;
				CLANG_ENABLE_OBJC_WEAK = YES;
				CLANG_WARN_BLOCK_CAPTURE_AUTORELEASING = YES;
				CLANG_WARN_BOOL_CONVERSION = YES;
				CLANG_WARN_COMMA = YES;
				CLANG_WARN_CONSTANT_CONVERSION = YES;
				CLANG_WARN_DEPRECATED_OBJC_IMPLEMENTATIONS = YES;
				CLANG_WARN_DIRECT_OBJC_ISA_USAGE = YES_ERROR;
				CLANG_WARN_DOCUMENTATION_COMMENTS = YES;
				CLANG_WARN_EMPTY_BODY = YES;
				CLANG_WARN_ENUM_CONVERSION = YES;
				CLANG_WARN_INFINITE_RECURSION = YES;
				CLANG_WARN_INT_CONVERSION = YES;
				CLANG_WARN_NON_LITERAL_NULL_CONVERSION = YES;
				CLANG_WARN_OBJC_IMPLICIT_RETAIN_SELF = YES;
				CLANG_WARN_OBJC_LITERAL_CONVERSION = YES;
				CLANG_WARN_OBJC_ROOT_CLASS = YES_ERROR;
				CLANG_WARN_QUOTED_INCLUDE_IN_FRAMEWORK_HEADER = YES;
				CLANG_WARN_RANGE_LOOP_ANALYSIS = YES;
				CLANG_WARN_STRICT_PROTOTYPES = YES;
				CLANG_WARN_SUSPICIOUS_MOVE = YES;
				CLANG_WARN_UNGUARDED_AVAILABILITY = YES_AGGRESSIVE;
				CLANG_WARN_UNREACHABLE_CODE = YES;
				CLANG_WARN__DUPLICATE_METHOD_MATCH = YES;
				COPY_PHASE_STRIP = NO;
				DEBUG_INFORMATION_FORMAT = dwarf;
				ENABLE_STRICT_OBJC_MSGSEND = YES;
				ENABLE_TESTABILITY = YES;
				GCC_C_LANGUAGE_STANDARD = gnu11;
				GCC_DYNAMIC_NO_PIC = NO;
				GCC_NO_COMMON_BLOCKS = YES;
				GCC_OPTIMIZATION_LEVEL = 0;
				GCC_PREPROCESSOR_DEFINITIONS = (
					"DEBUG=1",
					"$(inherited)",
				);
				GCC_WARN_64_TO_32_BIT_CONVERSION = YES;
				GCC_WARN_ABOUT_RETURN_TYPE = YES_ERROR;
				GCC_WARN_UNDECLARED_SELECTOR = YES;
				GCC_WARN_UNINITIALIZED_AUTOS = YES_AGGRESSIVE;
				GCC_WARN_UNUSED_FUNCTION = YES;
				GCC_WARN_UNUSED_VARIABLE = YES;
				IPHONEOS_DEPLOYMENT_TARGET = 12.0;
				MTL_ENABLE_DEBUG_INFO = INCLUDE_SOURCE;
				MTL_FAST_MATH = YES;
				ONLY_ACTIVE_ARCH = YES;
				SDKROOT = iphoneos;
				SWIFT_ACTIVE_COMPILATION_CONDITIONS = DEBUG;
				SWIFT_OPTIMIZATION_LEVEL = "-Onone";
			};
			name = Debug;
		};
		39BB0B8725A22222000F3E65 /* Release */ = {
			isa = XCBuildConfiguration;
			buildSettings = {
				ALWAYS_SEARCH_USER_PATHS = NO;
				CLANG_ANALYZER_LOCALIZABILITY_NONLOCALIZED = YES;
				CLANG_ANALYZER_NONNULL = YES;
				CLANG_ANALYZER_NUMBER_OBJECT_CONVERSION = YES_AGGRESSIVE;
				CLANG_CXX_LANGUAGE_STANDARD = "gnu++14";
				CLANG_CXX_LIBRARY = "libc++";
				CLANG_ENABLE_MODULES = YES;
				CLANG_ENABLE_OBJC_ARC = YES;
				CLANG_ENABLE_OBJC_WEAK = YES;
				CLANG_WARN_BLOCK_CAPTURE_AUTORELEASING = YES;
				CLANG_WARN_BOOL_CONVERSION = YES;
				CLANG_WARN_COMMA = YES;
				CLANG_WARN_CONSTANT_CONVERSION = YES;
				CLANG_WARN_DEPRECATED_OBJC_IMPLEMENTATIONS = YES;
				CLANG_WARN_DIRECT_OBJC_ISA_USAGE = YES_ERROR;
				CLANG_WARN_DOCUMENTATION_COMMENTS = YES;
				CLANG_WARN_EMPTY_BODY = YES;
				CLANG_WARN_ENUM_CONVERSION = YES;
				CLANG_WARN_INFINITE_RECURSION = YES;
				CLANG_WARN_INT_CONVERSION = YES;
				CLANG_WARN_NON_LITERAL_NULL_CONVERSION = YES;
				CLANG_WARN_OBJC_IMPLICIT_RETAIN_SELF = YES;
				CLANG_WARN_OBJC_LITERAL_CONVERSION = YES;
				CLANG_WARN_OBJC_ROOT_CLASS = YES_ERROR;
				CLANG_WARN_QUOTED_INCLUDE_IN_FRAMEWORK_HEADER = YES;
				CLANG_WARN_RANGE_LOOP_ANALYSIS = YES;
				CLANG_WARN_STRICT_PROTOTYPES = YES;
				CLANG_WARN_SUSPICIOUS_MOVE = YES;
				CLANG_WARN_UNGUARDED_AVAILABILITY = YES_AGGRESSIVE;
				CLANG_WARN_UNREACHABLE_CODE = YES;
				CLANG_WARN__DUPLICATE_METHOD_MATCH = YES;
				COPY_PHASE_STRIP = NO;
				DEBUG_INFORMATION_FORMAT = "dwarf-with-dsym";
				ENABLE_NS_ASSERTIONS = NO;
				ENABLE_STRICT_OBJC_MSGSEND = YES;
				GCC_C_LANGUAGE_STANDARD = gnu11;
				GCC_NO_COMMON_BLOCKS = YES;
				GCC_WARN_64_TO_32_BIT_CONVERSION = YES;
				GCC_WARN_ABOUT_RETURN_TYPE = YES_ERROR;
				GCC_WARN_UNDECLARED_SELECTOR = YES;
				GCC_WARN_UNINITIALIZED_AUTOS = YES_AGGRESSIVE;
				GCC_WARN_UNUSED_FUNCTION = YES;
				GCC_WARN_UNUSED_VARIABLE = YES;
				IPHONEOS_DEPLOYMENT_TARGET = 12.0;
				MTL_ENABLE_DEBUG_INFO = NO;
				MTL_FAST_MATH = YES;
				SDKROOT = iphoneos;
				SWIFT_COMPILATION_MODE = wholemodule;
				SWIFT_OPTIMIZATION_LEVEL = "-O";
				VALIDATE_PRODUCT = YES;
			};
			name = Release;
		};
		39BB0B8925A22222000F3E65 /* Debug */ = {
			isa = XCBuildConfiguration;
			baseConfigurationReference = 73EFF976B0AEC8EC16356F98 /* Pods-BosniaRoadConditionsApp.debug.xcconfig */;
			buildSettings = {
				ASSETCATALOG_COMPILER_APPICON_NAME = AppIcon;
				ASSETCATALOG_COMPILER_GLOBAL_ACCENT_COLOR_NAME = AccentColor;
				CODE_SIGN_STYLE = Automatic;
				DEVELOPMENT_TEAM = N79B4JKWQG;
				INFOPLIST_FILE = BosniaRoadConditionsApp/AppBackground/Info.plist;
				LD_RUNPATH_SEARCH_PATHS = (
					"$(inherited)",
					"@executable_path/Frameworks",
				);
				PRODUCT_BUNDLE_IDENTIFIER = com.bosniaRoadConditionsApp.BosniaRoadConditionsApp;
				PRODUCT_NAME = "$(TARGET_NAME)";
				SWIFT_VERSION = 5.0;
				TARGETED_DEVICE_FAMILY = "1,2";
			};
			name = Debug;
		};
		39BB0B8A25A22222000F3E65 /* Release */ = {
			isa = XCBuildConfiguration;
			baseConfigurationReference = 4C55C7A4D500C48E0C623C29 /* Pods-BosniaRoadConditionsApp.release.xcconfig */;
			buildSettings = {
				ASSETCATALOG_COMPILER_APPICON_NAME = AppIcon;
				ASSETCATALOG_COMPILER_GLOBAL_ACCENT_COLOR_NAME = AccentColor;
				CODE_SIGN_STYLE = Automatic;
				DEVELOPMENT_TEAM = N79B4JKWQG;
				INFOPLIST_FILE = BosniaRoadConditionsApp/AppBackground/Info.plist;
				LD_RUNPATH_SEARCH_PATHS = (
					"$(inherited)",
					"@executable_path/Frameworks",
				);
				PRODUCT_BUNDLE_IDENTIFIER = com.bosniaRoadConditionsApp.BosniaRoadConditionsApp;
				PRODUCT_NAME = "$(TARGET_NAME)";
				SWIFT_VERSION = 5.0;
				TARGETED_DEVICE_FAMILY = "1,2";
			};
			name = Release;
		};
/* End XCBuildConfiguration section */

/* Begin XCConfigurationList section */
		39BB0B6C25A22222000F3E65 /* Build configuration list for PBXProject "BosniaRoadConditionsApp" */ = {
			isa = XCConfigurationList;
			buildConfigurations = (
				39BB0B8625A22222000F3E65 /* Debug */,
				39BB0B8725A22222000F3E65 /* Release */,
			);
			defaultConfigurationIsVisible = 0;
			defaultConfigurationName = Release;
		};
		39BB0B8825A22222000F3E65 /* Build configuration list for PBXNativeTarget "BosniaRoadConditionsApp" */ = {
			isa = XCConfigurationList;
			buildConfigurations = (
				39BB0B8925A22222000F3E65 /* Debug */,
				39BB0B8A25A22222000F3E65 /* Release */,
			);
			defaultConfigurationIsVisible = 0;
			defaultConfigurationName = Release;
		};
/* End XCConfigurationList section */

/* Begin XCVersionGroup section */
		39BB0B7D25A22222000F3E65 /* BosniaRoadConditionsApp.xcdatamodeld */ = {
			isa = XCVersionGroup;
			children = (
				39BB0B7E25A22222000F3E65 /* BosniaRoadConditionsApp.xcdatamodel */,
			);
			currentVersion = 39BB0B7E25A22222000F3E65 /* BosniaRoadConditionsApp.xcdatamodel */;
			path = BosniaRoadConditionsApp.xcdatamodeld;
			sourceTree = "<group>";
			versionGroupType = wrapper.xcdatamodel;
		};
/* End XCVersionGroup section */
	};
	rootObject = 39BB0B6925A22222000F3E65 /* Project object */;
}
