// !$*UTF8*$!
{
	archiveVersion = 1;
	classes = {
	};
	objectVersion = 54;
	objects = {

/* Begin PBXBuildFile section */
		39089E5325E1A4A8006E5603 /* LaunchScreen.storyboard in Resources */ = {isa = PBXBuildFile; fileRef = 39089E0525E1A4A8006E5603 /* LaunchScreen.storyboard */; };
		39089E5425E1A4A8006E5603 /* Main.storyboard in Resources */ = {isa = PBXBuildFile; fileRef = 39089E0725E1A4A8006E5603 /* Main.storyboard */; };
		39089E5525E1A4A8006E5603 /* Adviser.swift in Sources */ = {isa = PBXBuildFile; fileRef = 39089E0A25E1A4A8006E5603 /* Adviser.swift */; };
		39089E5625E1A4A8006E5603 /* myLocation.gpx in Resources */ = {isa = PBXBuildFile; fileRef = 39089E0C25E1A4A8006E5603 /* myLocation.gpx */; };
		39089E5725E1A4A8006E5603 /* AppDelegate.swift in Sources */ = {isa = PBXBuildFile; fileRef = 39089E0D25E1A4A8006E5603 /* AppDelegate.swift */; };
		39089E5925E1A4A8006E5603 /* SceneDelegate.swift in Sources */ = {isa = PBXBuildFile; fileRef = 39089E0F25E1A4A8006E5603 /* SceneDelegate.swift */; };
		39089E5A25E1A4A8006E5603 /* MainViewController.swift in Sources */ = {isa = PBXBuildFile; fileRef = 39089E1025E1A4A8006E5603 /* MainViewController.swift */; };
		39089E5B25E1A4A8006E5603 /* RadarsMapViewController.swift in Sources */ = {isa = PBXBuildFile; fileRef = 39089E1225E1A4A8006E5603 /* RadarsMapViewController.swift */; };
		39089E5C25E1A4A8006E5603 /* RadarsMapViewModel.swift in Sources */ = {isa = PBXBuildFile; fileRef = 39089E1325E1A4A8006E5603 /* RadarsMapViewModel.swift */; };
		39089E5D25E1A4A8006E5603 /* RadarMarkerView.swift in Sources */ = {isa = PBXBuildFile; fileRef = 39089E1425E1A4A8006E5603 /* RadarMarkerView.swift */; };
		39089E5E25E1A4A8006E5603 /* DetailsStoryboard.storyboard in Resources */ = {isa = PBXBuildFile; fileRef = 39089E1625E1A4A8006E5603 /* DetailsStoryboard.storyboard */; };
		39089E5F25E1A4A8006E5603 /* DetailsViewCell.swift in Sources */ = {isa = PBXBuildFile; fileRef = 39089E1825E1A4A8006E5603 /* DetailsViewCell.swift */; };
		39089E6025E1A4A8006E5603 /* DetailsViewCell.xib in Resources */ = {isa = PBXBuildFile; fileRef = 39089E1925E1A4A8006E5603 /* DetailsViewCell.xib */; };
		39089E6125E1A4A8006E5603 /* DetailsViewController.swift in Sources */ = {isa = PBXBuildFile; fileRef = 39089E1A25E1A4A8006E5603 /* DetailsViewController.swift */; };
		39089E6225E1A4A8006E5603 /* Radar+CoreDataProperties.swift in Sources */ = {isa = PBXBuildFile; fileRef = 39089E1C25E1A4A8006E5603 /* Radar+CoreDataProperties.swift */; };
		39089E6325E1A4A8006E5603 /* Radar+CoreDataClass.swift in Sources */ = {isa = PBXBuildFile; fileRef = 39089E1D25E1A4A8006E5603 /* Radar+CoreDataClass.swift */; };
		39089E6425E1A4A8006E5603 /* FilterStoryboard.storyboard in Resources */ = {isa = PBXBuildFile; fileRef = 39089E1F25E1A4A8006E5603 /* FilterStoryboard.storyboard */; };
		39089E6525E1A4A8006E5603 /* FilterOptionTableViewCell.xib in Resources */ = {isa = PBXBuildFile; fileRef = 39089E2125E1A4A8006E5603 /* FilterOptionTableViewCell.xib */; };
		39089E6625E1A4A8006E5603 /* FilterOptionTableViewCell.swift in Sources */ = {isa = PBXBuildFile; fileRef = 39089E2225E1A4A8006E5603 /* FilterOptionTableViewCell.swift */; };
		39089E6725E1A4A8006E5603 /* FilterViewController.swift in Sources */ = {isa = PBXBuildFile; fileRef = 39089E2325E1A4A8006E5603 /* FilterViewController.swift */; };
		39089E6825E1A4A8006E5603 /* FilterViewModel.swift in Sources */ = {isa = PBXBuildFile; fileRef = 39089E2425E1A4A8006E5603 /* FilterViewModel.swift */; };
		39089E6925E1A4A8006E5603 /* RadarsMapStoryboard.storyboard in Resources */ = {isa = PBXBuildFile; fileRef = 39089E2525E1A4A8006E5603 /* RadarsMapStoryboard.storyboard */; };
		39089E6A25E1A4A8006E5603 /* NSManagedObjectContext+Extension.swift in Sources */ = {isa = PBXBuildFile; fileRef = 39089E2725E1A4A8006E5603 /* NSManagedObjectContext+Extension.swift */; };
		39089E6B25E1A4A8006E5603 /* Array+Extension.swift in Sources */ = {isa = PBXBuildFile; fileRef = 39089E2825E1A4A8006E5603 /* Array+Extension.swift */; };
		39089E6C25E1A4A8006E5603 /* UIViewController+Extension.swift in Sources */ = {isa = PBXBuildFile; fileRef = 39089E2925E1A4A8006E5603 /* UIViewController+Extension.swift */; };
		39089E6D25E1A4A8006E5603 /* UIActivityIndicatorView+Extension.swift in Sources */ = {isa = PBXBuildFile; fileRef = 39089E2A25E1A4A8006E5603 /* UIActivityIndicatorView+Extension.swift */; };
		39089E6F25E1A4A8006E5603 /* String+Extension.swift in Sources */ = {isa = PBXBuildFile; fileRef = 39089E2C25E1A4A8006E5603 /* String+Extension.swift */; };
		39089E7125E1A4A8006E5603 /* UIStoryboard+Extension.swift in Sources */ = {isa = PBXBuildFile; fileRef = 39089E2E25E1A4A8006E5603 /* UIStoryboard+Extension.swift */; };
		39089E7225E1A4A8006E5603 /* UITableView+Extension.swift in Sources */ = {isa = PBXBuildFile; fileRef = 39089E2F25E1A4A8006E5603 /* UITableView+Extension.swift */; };
		39089E7325E1A4A8006E5603 /* Optional+Extension.swift in Sources */ = {isa = PBXBuildFile; fileRef = 39089E3025E1A4A8006E5603 /* Optional+Extension.swift */; };
		39089E7425E1A4A8006E5603 /* Constants.swift in Sources */ = {isa = PBXBuildFile; fileRef = 39089E3225E1A4A8006E5603 /* Constants.swift */; };
		39089E7625E1A4A8006E5603 /* ManagedObject.swift in Sources */ = {isa = PBXBuildFile; fileRef = 39089E3625E1A4A8006E5603 /* ManagedObject.swift */; };
		39089E7725E1A4A8006E5603 /* Colors.xcassets in Resources */ = {isa = PBXBuildFile; fileRef = 39089E3825E1A4A8006E5603 /* Colors.xcassets */; };
		39089E7925E1A4A8006E5603 /* Localizable.strings in Resources */ = {isa = PBXBuildFile; fileRef = 39089E3B25E1A4A8006E5603 /* Localizable.strings */; };
		39089E7A25E1A4A8006E5603 /* Localization.swift in Sources */ = {isa = PBXBuildFile; fileRef = 39089E3E25E1A4A8006E5603 /* Localization.swift */; };
		39089E7B25E1A4A8006E5603 /* RoadConditionsViewController.swift in Sources */ = {isa = PBXBuildFile; fileRef = 39089E4125E1A4A8006E5603 /* RoadConditionsViewController.swift */; };
		39089E8025E1A4A8006E5603 /* RoadConditionsViewModel.swift in Sources */ = {isa = PBXBuildFile; fileRef = 39089E4825E1A4A8006E5603 /* RoadConditionsViewModel.swift */; };
		39089E8125E1A4A8006E5603 /* RoadConditionsStoryboard.storyboard in Resources */ = {isa = PBXBuildFile; fileRef = 39089E4925E1A4A8006E5603 /* RoadConditionsStoryboard.storyboard */; };
		39089E8225E1A4A8006E5603 /* RoadCondition+CoreDataClass.swift in Sources */ = {isa = PBXBuildFile; fileRef = 39089E4B25E1A4A8006E5603 /* RoadCondition+CoreDataClass.swift */; };
		39089E8325E1A4A8006E5603 /* RoadCondition+CoreDataProperties.swift in Sources */ = {isa = PBXBuildFile; fileRef = 39089E4C25E1A4A8006E5603 /* RoadCondition+CoreDataProperties.swift */; };
		39089E8425E1A4A8006E5603 /* RoadConditionMarkerView.swift in Sources */ = {isa = PBXBuildFile; fileRef = 39089E4D25E1A4A8006E5603 /* RoadConditionMarkerView.swift */; };
		39089E8625E1A4A8006E5603 /* MainManager.swift in Sources */ = {isa = PBXBuildFile; fileRef = 39089E5025E1A4A8006E5603 /* MainManager.swift */; };
		39089E8825E1A4A8006E5603 /* PersistanceService.swift in Sources */ = {isa = PBXBuildFile; fileRef = 39089E5225E1A4A8006E5603 /* PersistanceService.swift */; };
		39089EA825E1A93F006E5603 /* BosniaRoadTraffic.xcdatamodeld in Sources */ = {isa = PBXBuildFile; fileRef = 39089EA625E1A93F006E5603 /* BosniaRoadTraffic.xcdatamodeld */; };
		3921D81A276E6C0C005DEEA4 /* DesignableUITextField.swift in Sources */ = {isa = PBXBuildFile; fileRef = 3921D819276E6C0C005DEEA4 /* DesignableUITextField.swift */; };
		392E0E0A26666B9700C33CB7 /* RoadConditionDetails+CoreDataClass.swift in Sources */ = {isa = PBXBuildFile; fileRef = 392E0E0826666B9700C33CB7 /* RoadConditionDetails+CoreDataClass.swift */; };
		392E0E0B26666B9700C33CB7 /* RoadConditionDetails+CoreDataProperties.swift in Sources */ = {isa = PBXBuildFile; fileRef = 392E0E0926666B9700C33CB7 /* RoadConditionDetails+CoreDataProperties.swift */; };
		392E0E0E26667F2100C33CB7 /* DetailsViewModel.swift in Sources */ = {isa = PBXBuildFile; fileRef = 392E0E0D26667F2100C33CB7 /* DetailsViewModel.swift */; };
		392E0E1A2666ADE400C33CB7 /* RoadConditionReportViewCell.swift in Sources */ = {isa = PBXBuildFile; fileRef = 392E0E192666ADE400C33CB7 /* RoadConditionReportViewCell.swift */; };
		392E0E1C2666AE2200C33CB7 /* RoadConditionReportCellViewModel.swift in Sources */ = {isa = PBXBuildFile; fileRef = 392E0E1B2666AE2200C33CB7 /* RoadConditionReportCellViewModel.swift */; };
		392E0E1E2666AE5600C33CB7 /* RoadConditionReportViewCell.xib in Resources */ = {isa = PBXBuildFile; fileRef = 392E0E1D2666AE5600C33CB7 /* RoadConditionReportViewCell.xib */; };
		393A9DAF25E2E42500A3F952 /* UIView+Extension.swift in Sources */ = {isa = PBXBuildFile; fileRef = 393A9DAE25E2E42500A3F952 /* UIView+Extension.swift */; };
		3949762225EBB904006A17B9 /* Pods_BosniaRoadTraffic.framework in Frameworks */ = {isa = PBXBuildFile; fileRef = 2A3B8ABFC3859D25D8D4B745 /* Pods_BosniaRoadTraffic.framework */; };
		3952937D264693C600234394 /* ToolbarPickerView.swift in Sources */ = {isa = PBXBuildFile; fileRef = 3952937C264693C600234394 /* ToolbarPickerView.swift */; };
		3952937F26469AFC00234394 /* RadarReportCellViewModel.swift in Sources */ = {isa = PBXBuildFile; fileRef = 3952937E26469AFC00234394 /* RadarReportCellViewModel.swift */; };
		395293822646DE8700234394 /* Radar+Enums.swift in Sources */ = {isa = PBXBuildFile; fileRef = 395293812646DE8700234394 /* Radar+Enums.swift */; };
		396E8ABF2616647F009EC0A0 /* GoogleService-Info.plist in Resources */ = {isa = PBXBuildFile; fileRef = 396E8ABE2616647F009EC0A0 /* GoogleService-Info.plist */; };
		3970BDAD2634864900E34892 /* RadarReportViewCell.swift in Sources */ = {isa = PBXBuildFile; fileRef = 3970BDAB2634864900E34892 /* RadarReportViewCell.swift */; };
		3970BDAE2634864900E34892 /* RadarReportViewCell.xib in Resources */ = {isa = PBXBuildFile; fileRef = 3970BDAC2634864900E34892 /* RadarReportViewCell.xib */; };
		397314552664FCF60092DDC6 /* AppColor.swift in Sources */ = {isa = PBXBuildFile; fileRef = 397314542664FCF60092DDC6 /* AppColor.swift */; };
		3973145D266545FF0092DDC6 /* RoadCondition+Enums.swift in Sources */ = {isa = PBXBuildFile; fileRef = 3973145C266545FF0092DDC6 /* RoadCondition+Enums.swift */; };
		399EB2F226482E4700A38C0D /* Date+Extension.swift in Sources */ = {isa = PBXBuildFile; fileRef = 399EB2F126482E4700A38C0D /* Date+Extension.swift */; };
		39A3DFEE268B869300FA4D4E /* Assets.xcassets in Resources */ = {isa = PBXBuildFile; fileRef = 39A3DFED268B869300FA4D4E /* Assets.xcassets */; };
		39BBCD1326501A6900BBEDA1 /* Reachability.swift in Sources */ = {isa = PBXBuildFile; fileRef = 39BBCD1226501A6900BBEDA1 /* Reachability.swift */; };
		39DB2CD1262B3E310074FDD8 /* ReportStoryboard.storyboard in Resources */ = {isa = PBXBuildFile; fileRef = 39DB2CD0262B3E310074FDD8 /* ReportStoryboard.storyboard */; };
		39DB2CD6262B469E0074FDD8 /* ReportViewController.swift in Sources */ = {isa = PBXBuildFile; fileRef = 39DB2CD5262B469E0074FDD8 /* ReportViewController.swift */; };
		39DEC0992782157E0053F455 /* DispatchQueue+Extension.swift in Sources */ = {isa = PBXBuildFile; fileRef = 39DEC0982782157E0053F455 /* DispatchQueue+Extension.swift */; };
/* End PBXBuildFile section */

/* Begin PBXFileReference section */
		2A3B8ABFC3859D25D8D4B745 /* Pods_BosniaRoadTraffic.framework */ = {isa = PBXFileReference; explicitFileType = wrapper.framework; includeInIndex = 0; path = Pods_BosniaRoadTraffic.framework; sourceTree = BUILT_PRODUCTS_DIR; };
		39089E0625E1A4A8006E5603 /* Base */ = {isa = PBXFileReference; lastKnownFileType = file.storyboard; name = Base; path = Base.lproj/LaunchScreen.storyboard; sourceTree = "<group>"; };
		39089E0825E1A4A8006E5603 /* Base */ = {isa = PBXFileReference; lastKnownFileType = file.storyboard; name = Base; path = Base.lproj/Main.storyboard; sourceTree = "<group>"; };
		39089E0A25E1A4A8006E5603 /* Adviser.swift */ = {isa = PBXFileReference; fileEncoding = 4; lastKnownFileType = sourcecode.swift; path = Adviser.swift; sourceTree = "<group>"; };
		39089E0C25E1A4A8006E5603 /* myLocation.gpx */ = {isa = PBXFileReference; fileEncoding = 4; lastKnownFileType = text; path = myLocation.gpx; sourceTree = "<group>"; };
		39089E0D25E1A4A8006E5603 /* AppDelegate.swift */ = {isa = PBXFileReference; fileEncoding = 4; lastKnownFileType = sourcecode.swift; path = AppDelegate.swift; sourceTree = "<group>"; };
		39089E0E25E1A4A8006E5603 /* Info.plist */ = {isa = PBXFileReference; fileEncoding = 4; lastKnownFileType = text.plist.xml; path = Info.plist; sourceTree = "<group>"; };
		39089E0F25E1A4A8006E5603 /* SceneDelegate.swift */ = {isa = PBXFileReference; fileEncoding = 4; lastKnownFileType = sourcecode.swift; path = SceneDelegate.swift; sourceTree = "<group>"; };
		39089E1025E1A4A8006E5603 /* MainViewController.swift */ = {isa = PBXFileReference; fileEncoding = 4; lastKnownFileType = sourcecode.swift; path = MainViewController.swift; sourceTree = "<group>"; };
		39089E1225E1A4A8006E5603 /* RadarsMapViewController.swift */ = {isa = PBXFileReference; fileEncoding = 4; lastKnownFileType = sourcecode.swift; path = RadarsMapViewController.swift; sourceTree = "<group>"; };
		39089E1325E1A4A8006E5603 /* RadarsMapViewModel.swift */ = {isa = PBXFileReference; fileEncoding = 4; lastKnownFileType = sourcecode.swift; path = RadarsMapViewModel.swift; sourceTree = "<group>"; };
		39089E1425E1A4A8006E5603 /* RadarMarkerView.swift */ = {isa = PBXFileReference; fileEncoding = 4; lastKnownFileType = sourcecode.swift; path = RadarMarkerView.swift; sourceTree = "<group>"; };
		39089E1625E1A4A8006E5603 /* DetailsStoryboard.storyboard */ = {isa = PBXFileReference; fileEncoding = 4; lastKnownFileType = file.storyboard; path = DetailsStoryboard.storyboard; sourceTree = "<group>"; };
		39089E1825E1A4A8006E5603 /* DetailsViewCell.swift */ = {isa = PBXFileReference; fileEncoding = 4; lastKnownFileType = sourcecode.swift; path = DetailsViewCell.swift; sourceTree = "<group>"; };
		39089E1925E1A4A8006E5603 /* DetailsViewCell.xib */ = {isa = PBXFileReference; fileEncoding = 4; lastKnownFileType = file.xib; path = DetailsViewCell.xib; sourceTree = "<group>"; };
		39089E1A25E1A4A8006E5603 /* DetailsViewController.swift */ = {isa = PBXFileReference; fileEncoding = 4; lastKnownFileType = sourcecode.swift; path = DetailsViewController.swift; sourceTree = "<group>"; };
		39089E1C25E1A4A8006E5603 /* Radar+CoreDataProperties.swift */ = {isa = PBXFileReference; fileEncoding = 4; lastKnownFileType = sourcecode.swift; path = "Radar+CoreDataProperties.swift"; sourceTree = "<group>"; };
		39089E1D25E1A4A8006E5603 /* Radar+CoreDataClass.swift */ = {isa = PBXFileReference; fileEncoding = 4; lastKnownFileType = sourcecode.swift; path = "Radar+CoreDataClass.swift"; sourceTree = "<group>"; };
		39089E1F25E1A4A8006E5603 /* FilterStoryboard.storyboard */ = {isa = PBXFileReference; fileEncoding = 4; lastKnownFileType = file.storyboard; path = FilterStoryboard.storyboard; sourceTree = "<group>"; };
		39089E2125E1A4A8006E5603 /* FilterOptionTableViewCell.xib */ = {isa = PBXFileReference; fileEncoding = 4; lastKnownFileType = file.xib; path = FilterOptionTableViewCell.xib; sourceTree = "<group>"; };
		39089E2225E1A4A8006E5603 /* FilterOptionTableViewCell.swift */ = {isa = PBXFileReference; fileEncoding = 4; lastKnownFileType = sourcecode.swift; path = FilterOptionTableViewCell.swift; sourceTree = "<group>"; };
		39089E2325E1A4A8006E5603 /* FilterViewController.swift */ = {isa = PBXFileReference; fileEncoding = 4; lastKnownFileType = sourcecode.swift; path = FilterViewController.swift; sourceTree = "<group>"; };
		39089E2425E1A4A8006E5603 /* FilterViewModel.swift */ = {isa = PBXFileReference; fileEncoding = 4; lastKnownFileType = sourcecode.swift; path = FilterViewModel.swift; sourceTree = "<group>"; };
		39089E2525E1A4A8006E5603 /* RadarsMapStoryboard.storyboard */ = {isa = PBXFileReference; fileEncoding = 4; lastKnownFileType = file.storyboard; path = RadarsMapStoryboard.storyboard; sourceTree = "<group>"; };
		39089E2725E1A4A8006E5603 /* NSManagedObjectContext+Extension.swift */ = {isa = PBXFileReference; fileEncoding = 4; lastKnownFileType = sourcecode.swift; path = "NSManagedObjectContext+Extension.swift"; sourceTree = "<group>"; };
		39089E2825E1A4A8006E5603 /* Array+Extension.swift */ = {isa = PBXFileReference; fileEncoding = 4; lastKnownFileType = sourcecode.swift; path = "Array+Extension.swift"; sourceTree = "<group>"; };
		39089E2925E1A4A8006E5603 /* UIViewController+Extension.swift */ = {isa = PBXFileReference; fileEncoding = 4; lastKnownFileType = sourcecode.swift; path = "UIViewController+Extension.swift"; sourceTree = "<group>"; };
		39089E2A25E1A4A8006E5603 /* UIActivityIndicatorView+Extension.swift */ = {isa = PBXFileReference; fileEncoding = 4; lastKnownFileType = sourcecode.swift; path = "UIActivityIndicatorView+Extension.swift"; sourceTree = "<group>"; };
		39089E2C25E1A4A8006E5603 /* String+Extension.swift */ = {isa = PBXFileReference; fileEncoding = 4; lastKnownFileType = sourcecode.swift; path = "String+Extension.swift"; sourceTree = "<group>"; };
		39089E2E25E1A4A8006E5603 /* UIStoryboard+Extension.swift */ = {isa = PBXFileReference; fileEncoding = 4; lastKnownFileType = sourcecode.swift; path = "UIStoryboard+Extension.swift"; sourceTree = "<group>"; };
		39089E2F25E1A4A8006E5603 /* UITableView+Extension.swift */ = {isa = PBXFileReference; fileEncoding = 4; lastKnownFileType = sourcecode.swift; path = "UITableView+Extension.swift"; sourceTree = "<group>"; };
		39089E3025E1A4A8006E5603 /* Optional+Extension.swift */ = {isa = PBXFileReference; fileEncoding = 4; lastKnownFileType = sourcecode.swift; path = "Optional+Extension.swift"; sourceTree = "<group>"; };
		39089E3225E1A4A8006E5603 /* Constants.swift */ = {isa = PBXFileReference; fileEncoding = 4; lastKnownFileType = sourcecode.swift; path = Constants.swift; sourceTree = "<group>"; };
		39089E3625E1A4A8006E5603 /* ManagedObject.swift */ = {isa = PBXFileReference; fileEncoding = 4; lastKnownFileType = sourcecode.swift; path = ManagedObject.swift; sourceTree = "<group>"; };
		39089E3825E1A4A8006E5603 /* Colors.xcassets */ = {isa = PBXFileReference; lastKnownFileType = folder.assetcatalog; path = Colors.xcassets; sourceTree = "<group>"; };
		39089E3C25E1A4A8006E5603 /* de */ = {isa = PBXFileReference; lastKnownFileType = text.plist.strings; name = de; path = de.lproj/Localizable.strings; sourceTree = "<group>"; };
		39089E3D25E1A4A8006E5603 /* en */ = {isa = PBXFileReference; lastKnownFileType = text.plist.strings; name = en; path = en.lproj/Localizable.strings; sourceTree = "<group>"; };
		39089E3E25E1A4A8006E5603 /* Localization.swift */ = {isa = PBXFileReference; fileEncoding = 4; lastKnownFileType = sourcecode.swift; path = Localization.swift; sourceTree = "<group>"; };
		39089E4125E1A4A8006E5603 /* RoadConditionsViewController.swift */ = {isa = PBXFileReference; fileEncoding = 4; lastKnownFileType = sourcecode.swift; path = RoadConditionsViewController.swift; sourceTree = "<group>"; };
		39089E4825E1A4A8006E5603 /* RoadConditionsViewModel.swift */ = {isa = PBXFileReference; fileEncoding = 4; lastKnownFileType = sourcecode.swift; path = RoadConditionsViewModel.swift; sourceTree = "<group>"; };
		39089E4925E1A4A8006E5603 /* RoadConditionsStoryboard.storyboard */ = {isa = PBXFileReference; fileEncoding = 4; lastKnownFileType = file.storyboard; path = RoadConditionsStoryboard.storyboard; sourceTree = "<group>"; };
		39089E4B25E1A4A8006E5603 /* RoadCondition+CoreDataClass.swift */ = {isa = PBXFileReference; fileEncoding = 4; lastKnownFileType = sourcecode.swift; path = "RoadCondition+CoreDataClass.swift"; sourceTree = "<group>"; };
		39089E4C25E1A4A8006E5603 /* RoadCondition+CoreDataProperties.swift */ = {isa = PBXFileReference; fileEncoding = 4; lastKnownFileType = sourcecode.swift; path = "RoadCondition+CoreDataProperties.swift"; sourceTree = "<group>"; };
		39089E4D25E1A4A8006E5603 /* RoadConditionMarkerView.swift */ = {isa = PBXFileReference; fileEncoding = 4; lastKnownFileType = sourcecode.swift; path = RoadConditionMarkerView.swift; sourceTree = "<group>"; };
		39089E5025E1A4A8006E5603 /* MainManager.swift */ = {isa = PBXFileReference; fileEncoding = 4; lastKnownFileType = sourcecode.swift; path = MainManager.swift; sourceTree = "<group>"; };
		39089E5225E1A4A8006E5603 /* PersistanceService.swift */ = {isa = PBXFileReference; fileEncoding = 4; lastKnownFileType = sourcecode.swift; path = PersistanceService.swift; sourceTree = "<group>"; };
		39089EA725E1A93F006E5603 /* BosniaRoadTrafficApp.xcdatamodel */ = {isa = PBXFileReference; lastKnownFileType = wrapper.xcdatamodel; path = BosniaRoadTrafficApp.xcdatamodel; sourceTree = "<group>"; };
		3921D819276E6C0C005DEEA4 /* DesignableUITextField.swift */ = {isa = PBXFileReference; lastKnownFileType = sourcecode.swift; path = DesignableUITextField.swift; sourceTree = "<group>"; };
		392E0E0826666B9700C33CB7 /* RoadConditionDetails+CoreDataClass.swift */ = {isa = PBXFileReference; lastKnownFileType = sourcecode.swift; path = "RoadConditionDetails+CoreDataClass.swift"; sourceTree = "<group>"; };
		392E0E0926666B9700C33CB7 /* RoadConditionDetails+CoreDataProperties.swift */ = {isa = PBXFileReference; lastKnownFileType = sourcecode.swift; path = "RoadConditionDetails+CoreDataProperties.swift"; sourceTree = "<group>"; };
		392E0E0D26667F2100C33CB7 /* DetailsViewModel.swift */ = {isa = PBXFileReference; lastKnownFileType = sourcecode.swift; path = DetailsViewModel.swift; sourceTree = "<group>"; };
		392E0E192666ADE400C33CB7 /* RoadConditionReportViewCell.swift */ = {isa = PBXFileReference; lastKnownFileType = sourcecode.swift; path = RoadConditionReportViewCell.swift; sourceTree = "<group>"; };
		392E0E1B2666AE2200C33CB7 /* RoadConditionReportCellViewModel.swift */ = {isa = PBXFileReference; lastKnownFileType = sourcecode.swift; path = RoadConditionReportCellViewModel.swift; sourceTree = "<group>"; };
		392E0E1D2666AE5600C33CB7 /* RoadConditionReportViewCell.xib */ = {isa = PBXFileReference; lastKnownFileType = file.xib; path = RoadConditionReportViewCell.xib; sourceTree = "<group>"; };
		393A9DAE25E2E42500A3F952 /* UIView+Extension.swift */ = {isa = PBXFileReference; lastKnownFileType = sourcecode.swift; path = "UIView+Extension.swift"; sourceTree = "<group>"; };
		3952937C264693C600234394 /* ToolbarPickerView.swift */ = {isa = PBXFileReference; lastKnownFileType = sourcecode.swift; path = ToolbarPickerView.swift; sourceTree = "<group>"; };
		3952937E26469AFC00234394 /* RadarReportCellViewModel.swift */ = {isa = PBXFileReference; lastKnownFileType = sourcecode.swift; path = RadarReportCellViewModel.swift; sourceTree = "<group>"; };
		395293812646DE8700234394 /* Radar+Enums.swift */ = {isa = PBXFileReference; lastKnownFileType = sourcecode.swift; path = "Radar+Enums.swift"; sourceTree = "<group>"; };
		396E8ABE2616647F009EC0A0 /* GoogleService-Info.plist */ = {isa = PBXFileReference; fileEncoding = 4; lastKnownFileType = text.plist.xml; path = "GoogleService-Info.plist"; sourceTree = "<group>"; };
		3970BDAB2634864900E34892 /* RadarReportViewCell.swift */ = {isa = PBXFileReference; lastKnownFileType = sourcecode.swift; path = RadarReportViewCell.swift; sourceTree = "<group>"; };
		3970BDAC2634864900E34892 /* RadarReportViewCell.xib */ = {isa = PBXFileReference; lastKnownFileType = file.xib; path = RadarReportViewCell.xib; sourceTree = "<group>"; };
		397314542664FCF60092DDC6 /* AppColor.swift */ = {isa = PBXFileReference; lastKnownFileType = sourcecode.swift; path = AppColor.swift; sourceTree = "<group>"; };
		3973145C266545FF0092DDC6 /* RoadCondition+Enums.swift */ = {isa = PBXFileReference; lastKnownFileType = sourcecode.swift; path = "RoadCondition+Enums.swift"; sourceTree = "<group>"; };
		399EB2F126482E4700A38C0D /* Date+Extension.swift */ = {isa = PBXFileReference; lastKnownFileType = sourcecode.swift; path = "Date+Extension.swift"; sourceTree = "<group>"; };
		39A3DFED268B869300FA4D4E /* Assets.xcassets */ = {isa = PBXFileReference; lastKnownFileType = folder.assetcatalog; path = Assets.xcassets; sourceTree = "<group>"; };
		39BB0B7125A22222000F3E65 /* Bosnia Road Traffic.app */ = {isa = PBXFileReference; explicitFileType = wrapper.application; includeInIndex = 0; path = "Bosnia Road Traffic.app"; sourceTree = BUILT_PRODUCTS_DIR; };
		39BBCD1226501A6900BBEDA1 /* Reachability.swift */ = {isa = PBXFileReference; lastKnownFileType = sourcecode.swift; path = Reachability.swift; sourceTree = "<group>"; };
		39C1B51E25EAE4B000D6181C /* bs */ = {isa = PBXFileReference; lastKnownFileType = text.plist.strings; name = bs; path = bs.lproj/Localizable.strings; sourceTree = "<group>"; };
		39DB2CD0262B3E310074FDD8 /* ReportStoryboard.storyboard */ = {isa = PBXFileReference; lastKnownFileType = file.storyboard; path = ReportStoryboard.storyboard; sourceTree = "<group>"; };
		39DB2CD5262B469E0074FDD8 /* ReportViewController.swift */ = {isa = PBXFileReference; lastKnownFileType = sourcecode.swift; path = ReportViewController.swift; sourceTree = "<group>"; };
		39DEC0982782157E0053F455 /* DispatchQueue+Extension.swift */ = {isa = PBXFileReference; lastKnownFileType = sourcecode.swift; path = "DispatchQueue+Extension.swift"; sourceTree = "<group>"; };
		3E4805181E7025EEB0BA66AC /* Pods-BosniaRoadTraffic.release.xcconfig */ = {isa = PBXFileReference; includeInIndex = 1; lastKnownFileType = text.xcconfig; name = "Pods-BosniaRoadTraffic.release.xcconfig"; path = "Target Support Files/Pods-BosniaRoadTraffic/Pods-BosniaRoadTraffic.release.xcconfig"; sourceTree = "<group>"; };
		A3AB469444D2B0F94AD4EFEB /* Pods_BosniaRoadTrafficApp.framework */ = {isa = PBXFileReference; explicitFileType = wrapper.framework; includeInIndex = 0; path = Pods_BosniaRoadTrafficApp.framework; sourceTree = BUILT_PRODUCTS_DIR; };
		AE9DB9F63C6D9C0BEB2CE635 /* Pods-BosniaRoadTraffic.debug.xcconfig */ = {isa = PBXFileReference; includeInIndex = 1; lastKnownFileType = text.xcconfig; name = "Pods-BosniaRoadTraffic.debug.xcconfig"; path = "Target Support Files/Pods-BosniaRoadTraffic/Pods-BosniaRoadTraffic.debug.xcconfig"; sourceTree = "<group>"; };
/* End PBXFileReference section */

/* Begin PBXFrameworksBuildPhase section */
		39BB0B6E25A22222000F3E65 /* Frameworks */ = {
			isa = PBXFrameworksBuildPhase;
			buildActionMask = 2147483647;
			files = (
				3949762225EBB904006A17B9 /* Pods_BosniaRoadTraffic.framework in Frameworks */,
			);
			runOnlyForDeploymentPostprocessing = 0;
		};
/* End PBXFrameworksBuildPhase section */

/* Begin PBXGroup section */
		39089DFF25E1A464006E5603 /* Recovered References */ = {
			isa = PBXGroup;
			children = (
				A3AB469444D2B0F94AD4EFEB /* Pods_BosniaRoadTrafficApp.framework */,
			);
			name = "Recovered References";
			sourceTree = "<group>";
		};
		39089E0325E1A4A8006E5603 /* BosniaRoadTraffic */ = {
			isa = PBXGroup;
			children = (
				39089E1025E1A4A8006E5603 /* MainViewController.swift */,
				39089E0B25E1A4A8006E5603 /* AppBackground */,
				3952938026469FF200234394 /* Common */,
				39089E2625E1A4A8006E5603 /* Extensions */,
				392E0E112666AA0100C33CB7 /* Models */,
				39089E1125E1A4A8006E5603 /* Radars */,
				39089E4025E1A4A8006E5603 /* RoadConditions */,
				39089E4E25E1A4A8006E5603 /* Services */,
				39089E0425E1A4A8006E5603 /* Storyboards */,
				39089E3125E1A4A8006E5603 /* Supporting Files */,
			);
			path = BosniaRoadTraffic;
			sourceTree = "<group>";
		};
		39089E0425E1A4A8006E5603 /* Storyboards */ = {
			isa = PBXGroup;
			children = (
				39089E0525E1A4A8006E5603 /* LaunchScreen.storyboard */,
				39089E0725E1A4A8006E5603 /* Main.storyboard */,
			);
			path = Storyboards;
			sourceTree = "<group>";
		};
		39089E0B25E1A4A8006E5603 /* AppBackground */ = {
			isa = PBXGroup;
			children = (
				39089E0C25E1A4A8006E5603 /* myLocation.gpx */,
				396E8ABE2616647F009EC0A0 /* GoogleService-Info.plist */,
				39089E0E25E1A4A8006E5603 /* Info.plist */,
				39089E0D25E1A4A8006E5603 /* AppDelegate.swift */,
				39089E0F25E1A4A8006E5603 /* SceneDelegate.swift */,
			);
			path = AppBackground;
			sourceTree = "<group>";
		};
		39089E1125E1A4A8006E5603 /* Radars */ = {
			isa = PBXGroup;
			children = (
				39089E2525E1A4A8006E5603 /* RadarsMapStoryboard.storyboard */,
				39089E1425E1A4A8006E5603 /* RadarMarkerView.swift */,
				39089E1225E1A4A8006E5603 /* RadarsMapViewController.swift */,
				39089E1325E1A4A8006E5603 /* RadarsMapViewModel.swift */,
			);
			path = Radars;
			sourceTree = "<group>";
		};
		39089E1B25E1A4A8006E5603 /* RadarModel */ = {
			isa = PBXGroup;
			children = (
				39089E1D25E1A4A8006E5603 /* Radar+CoreDataClass.swift */,
				39089E1C25E1A4A8006E5603 /* Radar+CoreDataProperties.swift */,
				395293812646DE8700234394 /* Radar+Enums.swift */,
			);
			path = RadarModel;
			sourceTree = "<group>";
		};
		39089E1E25E1A4A8006E5603 /* FilterScreen */ = {
			isa = PBXGroup;
			children = (
				39089E2025E1A4A8006E5603 /* Cell */,
				39089E1F25E1A4A8006E5603 /* FilterStoryboard.storyboard */,
				39089E2325E1A4A8006E5603 /* FilterViewController.swift */,
				39089E2425E1A4A8006E5603 /* FilterViewModel.swift */,
			);
			path = FilterScreen;
			sourceTree = "<group>";
		};
		39089E2025E1A4A8006E5603 /* Cell */ = {
			isa = PBXGroup;
			children = (
				39089E2225E1A4A8006E5603 /* FilterOptionTableViewCell.swift */,
				39089E2125E1A4A8006E5603 /* FilterOptionTableViewCell.xib */,
			);
			path = Cell;
			sourceTree = "<group>";
		};
		39089E2625E1A4A8006E5603 /* Extensions */ = {
			isa = PBXGroup;
			children = (
				397314532664FB760092DDC6 /* NSExtensions */,
				397314522664FB440092DDC6 /* UIExtensions */,
				39089E2825E1A4A8006E5603 /* Array+Extension.swift */,
				399EB2F126482E4700A38C0D /* Date+Extension.swift */,
				39089E3025E1A4A8006E5603 /* Optional+Extension.swift */,
				39089E2C25E1A4A8006E5603 /* String+Extension.swift */,
				39DEC0982782157E0053F455 /* DispatchQueue+Extension.swift */,
			);
			path = Extensions;
			sourceTree = "<group>";
		};
		39089E3125E1A4A8006E5603 /* Supporting Files */ = {
			isa = PBXGroup;
			children = (
				39089E3225E1A4A8006E5603 /* Constants.swift */,
				39089E3325E1A4A8006E5603 /* Database */,
				39089E3725E1A4A8006E5603 /* MaterialDesign */,
				39089E3A25E1A4A8006E5603 /* Translations */,
			);
			path = "Supporting Files";
			sourceTree = "<group>";
		};
		39089E3325E1A4A8006E5603 /* Database */ = {
			isa = PBXGroup;
			children = (
				39089E3625E1A4A8006E5603 /* ManagedObject.swift */,
				39089EA625E1A93F006E5603 /* BosniaRoadTraffic.xcdatamodeld */,
			);
			path = Database;
			sourceTree = "<group>";
		};
		39089E3725E1A4A8006E5603 /* MaterialDesign */ = {
			isa = PBXGroup;
			children = (
				397314542664FCF60092DDC6 /* AppColor.swift */,
				39A3DFED268B869300FA4D4E /* Assets.xcassets */,
				39089E3825E1A4A8006E5603 /* Colors.xcassets */,
			);
			path = MaterialDesign;
			sourceTree = "<group>";
		};
		39089E3A25E1A4A8006E5603 /* Translations */ = {
			isa = PBXGroup;
			children = (
				39089E3E25E1A4A8006E5603 /* Localization.swift */,
				39089E3B25E1A4A8006E5603 /* Localizable.strings */,
			);
			path = Translations;
			sourceTree = "<group>";
		};
		39089E4025E1A4A8006E5603 /* RoadConditions */ = {
			isa = PBXGroup;
			children = (
				39089E4925E1A4A8006E5603 /* RoadConditionsStoryboard.storyboard */,
				39089E4125E1A4A8006E5603 /* RoadConditionsViewController.swift */,
				39089E4825E1A4A8006E5603 /* RoadConditionsViewModel.swift */,
				39089E4D25E1A4A8006E5603 /* RoadConditionMarkerView.swift */,
			);
			path = RoadConditions;
			sourceTree = "<group>";
		};
		39089E4A25E1A4A8006E5603 /* RoadConditionDetailsModel */ = {
			isa = PBXGroup;
			children = (
				392E0E0826666B9700C33CB7 /* RoadConditionDetails+CoreDataClass.swift */,
				392E0E0926666B9700C33CB7 /* RoadConditionDetails+CoreDataProperties.swift */,
			);
			path = RoadConditionDetailsModel;
			sourceTree = "<group>";
		};
		39089E4E25E1A4A8006E5603 /* Services */ = {
			isa = PBXGroup;
			children = (
				39089E0A25E1A4A8006E5603 /* Adviser.swift */,
				39089E5025E1A4A8006E5603 /* MainManager.swift */,
				39089E5225E1A4A8006E5603 /* PersistanceService.swift */,
				39BBCD1226501A6900BBEDA1 /* Reachability.swift */,
			);
			path = Services;
			sourceTree = "<group>";
		};
		392E0E0C26667F0E00C33CB7 /* DetailScreen */ = {
			isa = PBXGroup;
			children = (
				392E0E0F26668E8800C33CB7 /* Cell */,
				39089E1625E1A4A8006E5603 /* DetailsStoryboard.storyboard */,
				392E0E0D26667F2100C33CB7 /* DetailsViewModel.swift */,
				39089E1A25E1A4A8006E5603 /* DetailsViewController.swift */,
			);
			path = DetailScreen;
			sourceTree = "<group>";
		};
		392E0E0F26668E8800C33CB7 /* Cell */ = {
			isa = PBXGroup;
			children = (
				39089E1825E1A4A8006E5603 /* DetailsViewCell.swift */,
				39089E1925E1A4A8006E5603 /* DetailsViewCell.xib */,
			);
			path = Cell;
			sourceTree = "<group>";
		};
		392E0E112666AA0100C33CB7 /* Models */ = {
			isa = PBXGroup;
			children = (
				392E0E122666AA5100C33CB7 /* RoadConditionModel */,
				39089E4A25E1A4A8006E5603 /* RoadConditionDetailsModel */,
				39089E1B25E1A4A8006E5603 /* RadarModel */,
			);
			path = Models;
			sourceTree = "<group>";
		};
		392E0E122666AA5100C33CB7 /* RoadConditionModel */ = {
			isa = PBXGroup;
			children = (
				39089E4B25E1A4A8006E5603 /* RoadCondition+CoreDataClass.swift */,
				39089E4C25E1A4A8006E5603 /* RoadCondition+CoreDataProperties.swift */,
				3973145C266545FF0092DDC6 /* RoadCondition+Enums.swift */,
			);
			path = RoadConditionModel;
			sourceTree = "<group>";
		};
		392E0E182666ADC900C33CB7 /* RoadConditionReportCell */ = {
			isa = PBXGroup;
			children = (
				392E0E1B2666AE2200C33CB7 /* RoadConditionReportCellViewModel.swift */,
				392E0E192666ADE400C33CB7 /* RoadConditionReportViewCell.swift */,
				392E0E1D2666AE5600C33CB7 /* RoadConditionReportViewCell.xib */,
			);
			path = RoadConditionReportCell;
			sourceTree = "<group>";
		};
		3952938026469FF200234394 /* Common */ = {
			isa = PBXGroup;
			children = (
				3955C54626DA920F006601ED /* ReportScreen */,
				39089E1E25E1A4A8006E5603 /* FilterScreen */,
				392E0E0C26667F0E00C33CB7 /* DetailScreen */,
				3952937C264693C600234394 /* ToolbarPickerView.swift */,
				3921D819276E6C0C005DEEA4 /* DesignableUITextField.swift */,
			);
			path = Common;
			sourceTree = "<group>";
		};
		3955C54626DA920F006601ED /* ReportScreen */ = {
			isa = PBXGroup;
			children = (
				392E0E182666ADC900C33CB7 /* RoadConditionReportCell */,
				3970BDA8263485F900E34892 /* RadarReportCell */,
				39DB2CD5262B469E0074FDD8 /* ReportViewController.swift */,
				39DB2CD0262B3E310074FDD8 /* ReportStoryboard.storyboard */,
			);
			path = ReportScreen;
			sourceTree = "<group>";
		};
		3970BDA8263485F900E34892 /* RadarReportCell */ = {
			isa = PBXGroup;
			children = (
				3952937E26469AFC00234394 /* RadarReportCellViewModel.swift */,
				3970BDAB2634864900E34892 /* RadarReportViewCell.swift */,
				3970BDAC2634864900E34892 /* RadarReportViewCell.xib */,
			);
			path = RadarReportCell;
			sourceTree = "<group>";
		};
		397314522664FB440092DDC6 /* UIExtensions */ = {
			isa = PBXGroup;
			children = (
				39089E2A25E1A4A8006E5603 /* UIActivityIndicatorView+Extension.swift */,
				39089E2E25E1A4A8006E5603 /* UIStoryboard+Extension.swift */,
				39089E2F25E1A4A8006E5603 /* UITableView+Extension.swift */,
				393A9DAE25E2E42500A3F952 /* UIView+Extension.swift */,
				39089E2925E1A4A8006E5603 /* UIViewController+Extension.swift */,
			);
			path = UIExtensions;
			sourceTree = "<group>";
		};
		397314532664FB760092DDC6 /* NSExtensions */ = {
			isa = PBXGroup;
			children = (
				39089E2725E1A4A8006E5603 /* NSManagedObjectContext+Extension.swift */,
			);
			path = NSExtensions;
			sourceTree = "<group>";
		};
		39BB0B6825A22222000F3E65 = {
			isa = PBXGroup;
			children = (
				39089E0325E1A4A8006E5603 /* BosniaRoadTraffic */,
				DAAAF1DB7814F250D70DD144 /* Frameworks */,
				585DFAB00C34C8CA286937FA /* Pods */,
				39BB0B7225A22222000F3E65 /* Products */,
				39089DFF25E1A464006E5603 /* Recovered References */,
			);
			sourceTree = "<group>";
		};
		39BB0B7225A22222000F3E65 /* Products */ = {
			isa = PBXGroup;
			children = (
				39BB0B7125A22222000F3E65 /* Bosnia Road Traffic.app */,
			);
			name = Products;
			sourceTree = "<group>";
		};
		585DFAB00C34C8CA286937FA /* Pods */ = {
			isa = PBXGroup;
			children = (
				AE9DB9F63C6D9C0BEB2CE635 /* Pods-BosniaRoadTraffic.debug.xcconfig */,
				3E4805181E7025EEB0BA66AC /* Pods-BosniaRoadTraffic.release.xcconfig */,
			);
			path = Pods;
			sourceTree = "<group>";
		};
		DAAAF1DB7814F250D70DD144 /* Frameworks */ = {
			isa = PBXGroup;
			children = (
				2A3B8ABFC3859D25D8D4B745 /* Pods_BosniaRoadTraffic.framework */,
			);
			name = Frameworks;
			sourceTree = "<group>";
		};
/* End PBXGroup section */

/* Begin PBXNativeTarget section */
		39BB0B7025A22222000F3E65 /* BosniaRoadTraffic */ = {
			isa = PBXNativeTarget;
			buildConfigurationList = 39BB0B8825A22222000F3E65 /* Build configuration list for PBXNativeTarget "BosniaRoadTraffic" */;
			buildPhases = (
				B8AD43AE99C08C48027CA97A /* [CP] Check Pods Manifest.lock */,
				39BB0B6D25A22222000F3E65 /* Sources */,
				39BB0B6E25A22222000F3E65 /* Frameworks */,
				39BB0B6F25A22222000F3E65 /* Resources */,
				D304C4DD718E994A9C7DACB3 /* [CP] Embed Pods Frameworks */,
			);
			buildRules = (
			);
			dependencies = (
			);
			name = BosniaRoadTraffic;
			productName = BosniaRoadConditionsApp;
			productReference = 39BB0B7125A22222000F3E65 /* Bosnia Road Traffic.app */;
			productType = "com.apple.product-type.application";
		};
/* End PBXNativeTarget section */

/* Begin PBXProject section */
		39BB0B6925A22222000F3E65 /* Project object */ = {
			isa = PBXProject;
			attributes = {
				LastSwiftUpdateCheck = 1220;
				LastUpgradeCheck = 1240;
				ORGANIZATIONNAME = "Eldar Haseljic";
				TargetAttributes = {
					39BB0B7025A22222000F3E65 = {
						CreatedOnToolsVersion = 12.2;
					};
				};
			};
			buildConfigurationList = 39BB0B6C25A22222000F3E65 /* Build configuration list for PBXProject "BosniaRoadTraffic" */;
			compatibilityVersion = "Xcode 9.3";
			developmentRegion = en;
			hasScannedForEncodings = 0;
			knownRegions = (
				en,
				Base,
				de,
				bs,
			);
			mainGroup = 39BB0B6825A22222000F3E65;
			productRefGroup = 39BB0B7225A22222000F3E65 /* Products */;
			projectDirPath = "";
			projectRoot = "";
			targets = (
				39BB0B7025A22222000F3E65 /* BosniaRoadTraffic */,
			);
		};
/* End PBXProject section */

/* Begin PBXResourcesBuildPhase section */
		39BB0B6F25A22222000F3E65 /* Resources */ = {
			isa = PBXResourcesBuildPhase;
			buildActionMask = 2147483647;
			files = (
				39089E6525E1A4A8006E5603 /* FilterOptionTableViewCell.xib in Resources */,
				39089E5425E1A4A8006E5603 /* Main.storyboard in Resources */,
				392E0E1E2666AE5600C33CB7 /* RoadConditionReportViewCell.xib in Resources */,
				396E8ABF2616647F009EC0A0 /* GoogleService-Info.plist in Resources */,
				39089E7925E1A4A8006E5603 /* Localizable.strings in Resources */,
				39A3DFEE268B869300FA4D4E /* Assets.xcassets in Resources */,
				39089E5625E1A4A8006E5603 /* myLocation.gpx in Resources */,
				39089E6425E1A4A8006E5603 /* FilterStoryboard.storyboard in Resources */,
				3970BDAE2634864900E34892 /* RadarReportViewCell.xib in Resources */,
				39089E7725E1A4A8006E5603 /* Colors.xcassets in Resources */,
				39089E6025E1A4A8006E5603 /* DetailsViewCell.xib in Resources */,
				39089E6925E1A4A8006E5603 /* RadarsMapStoryboard.storyboard in Resources */,
				39089E5E25E1A4A8006E5603 /* DetailsStoryboard.storyboard in Resources */,
				39DB2CD1262B3E310074FDD8 /* ReportStoryboard.storyboard in Resources */,
				39089E5325E1A4A8006E5603 /* LaunchScreen.storyboard in Resources */,
				39089E8125E1A4A8006E5603 /* RoadConditionsStoryboard.storyboard in Resources */,
			);
			runOnlyForDeploymentPostprocessing = 0;
		};
/* End PBXResourcesBuildPhase section */

/* Begin PBXShellScriptBuildPhase section */
		B8AD43AE99C08C48027CA97A /* [CP] Check Pods Manifest.lock */ = {
			isa = PBXShellScriptBuildPhase;
			buildActionMask = 2147483647;
			files = (
			);
			inputFileListPaths = (
			);
			inputPaths = (
				"${PODS_PODFILE_DIR_PATH}/Podfile.lock",
				"${PODS_ROOT}/Manifest.lock",
			);
			name = "[CP] Check Pods Manifest.lock";
			outputFileListPaths = (
			);
			outputPaths = (
				"$(DERIVED_FILE_DIR)/Pods-BosniaRoadTraffic-checkManifestLockResult.txt",
			);
			runOnlyForDeploymentPostprocessing = 0;
			shellPath = /bin/sh;
			shellScript = "diff \"${PODS_PODFILE_DIR_PATH}/Podfile.lock\" \"${PODS_ROOT}/Manifest.lock\" > /dev/null\nif [ $? != 0 ] ; then\n    # print error to STDERR\n    echo \"error: The sandbox is not in sync with the Podfile.lock. Run 'pod install' or update your CocoaPods installation.\" >&2\n    exit 1\nfi\n# This output is used by Xcode 'outputs' to avoid re-running this script phase.\necho \"SUCCESS\" > \"${SCRIPT_OUTPUT_FILE_0}\"\n";
			showEnvVarsInLog = 0;
		};
		D304C4DD718E994A9C7DACB3 /* [CP] Embed Pods Frameworks */ = {
			isa = PBXShellScriptBuildPhase;
			buildActionMask = 2147483647;
			files = (
			);
			inputFileListPaths = (
				"${PODS_ROOT}/Target Support Files/Pods-BosniaRoadTraffic/Pods-BosniaRoadTraffic-frameworks-${CONFIGURATION}-input-files.xcfilelist",
			);
			name = "[CP] Embed Pods Frameworks";
			outputFileListPaths = (
				"${PODS_ROOT}/Target Support Files/Pods-BosniaRoadTraffic/Pods-BosniaRoadTraffic-frameworks-${CONFIGURATION}-output-files.xcfilelist",
			);
			runOnlyForDeploymentPostprocessing = 0;
			shellPath = /bin/sh;
			shellScript = "\"${PODS_ROOT}/Target Support Files/Pods-BosniaRoadTraffic/Pods-BosniaRoadTraffic-frameworks.sh\"\n";
			showEnvVarsInLog = 0;
		};
/* End PBXShellScriptBuildPhase section */

/* Begin PBXSourcesBuildPhase section */
		39BB0B6D25A22222000F3E65 /* Sources */ = {
			isa = PBXSourcesBuildPhase;
			buildActionMask = 2147483647;
			files = (
				397314552664FCF60092DDC6 /* AppColor.swift in Sources */,
				39089E7A25E1A4A8006E5603 /* Localization.swift in Sources */,
				39089E7125E1A4A8006E5603 /* UIStoryboard+Extension.swift in Sources */,
				39089E7625E1A4A8006E5603 /* ManagedObject.swift in Sources */,
				3921D81A276E6C0C005DEEA4 /* DesignableUITextField.swift in Sources */,
				39089E7B25E1A4A8006E5603 /* RoadConditionsViewController.swift in Sources */,
				39089E6725E1A4A8006E5603 /* FilterViewController.swift in Sources */,
				39089E5C25E1A4A8006E5603 /* RadarsMapViewModel.swift in Sources */,
				3973145D266545FF0092DDC6 /* RoadCondition+Enums.swift in Sources */,
				39DB2CD6262B469E0074FDD8 /* ReportViewController.swift in Sources */,
				39089E5F25E1A4A8006E5603 /* DetailsViewCell.swift in Sources */,
				39089E5725E1A4A8006E5603 /* AppDelegate.swift in Sources */,
				39089E7325E1A4A8006E5603 /* Optional+Extension.swift in Sources */,
				39089E5A25E1A4A8006E5603 /* MainViewController.swift in Sources */,
				39089E6D25E1A4A8006E5603 /* UIActivityIndicatorView+Extension.swift in Sources */,
				392E0E0E26667F2100C33CB7 /* DetailsViewModel.swift in Sources */,
				39089E5D25E1A4A8006E5603 /* RadarMarkerView.swift in Sources */,
				392E0E1A2666ADE400C33CB7 /* RoadConditionReportViewCell.swift in Sources */,
				39089E8825E1A4A8006E5603 /* PersistanceService.swift in Sources */,
				392E0E1C2666AE2200C33CB7 /* RoadConditionReportCellViewModel.swift in Sources */,
				39089E6325E1A4A8006E5603 /* Radar+CoreDataClass.swift in Sources */,
				39089EA825E1A93F006E5603 /* BosniaRoadTraffic.xcdatamodeld in Sources */,
				39089E8025E1A4A8006E5603 /* RoadConditionsViewModel.swift in Sources */,
				39089E5B25E1A4A8006E5603 /* RadarsMapViewController.swift in Sources */,
				39089E8425E1A4A8006E5603 /* RoadConditionMarkerView.swift in Sources */,
				393A9DAF25E2E42500A3F952 /* UIView+Extension.swift in Sources */,
				392E0E0B26666B9700C33CB7 /* RoadConditionDetails+CoreDataProperties.swift in Sources */,
				39089E6A25E1A4A8006E5603 /* NSManagedObjectContext+Extension.swift in Sources */,
				39089E6225E1A4A8006E5603 /* Radar+CoreDataProperties.swift in Sources */,
				392E0E0A26666B9700C33CB7 /* RoadConditionDetails+CoreDataClass.swift in Sources */,
				395293822646DE8700234394 /* Radar+Enums.swift in Sources */,
				39089E7425E1A4A8006E5603 /* Constants.swift in Sources */,
				39089E6F25E1A4A8006E5603 /* String+Extension.swift in Sources */,
				3952937F26469AFC00234394 /* RadarReportCellViewModel.swift in Sources */,
				39089E7225E1A4A8006E5603 /* UITableView+Extension.swift in Sources */,
				39089E6B25E1A4A8006E5603 /* Array+Extension.swift in Sources */,
				39089E6825E1A4A8006E5603 /* FilterViewModel.swift in Sources */,
				3970BDAD2634864900E34892 /* RadarReportViewCell.swift in Sources */,
				39089E5925E1A4A8006E5603 /* SceneDelegate.swift in Sources */,
				39089E6125E1A4A8006E5603 /* DetailsViewController.swift in Sources */,
				39089E5525E1A4A8006E5603 /* Adviser.swift in Sources */,
				39DEC0992782157E0053F455 /* DispatchQueue+Extension.swift in Sources */,
				39BBCD1326501A6900BBEDA1 /* Reachability.swift in Sources */,
				399EB2F226482E4700A38C0D /* Date+Extension.swift in Sources */,
				3952937D264693C600234394 /* ToolbarPickerView.swift in Sources */,
				39089E6625E1A4A8006E5603 /* FilterOptionTableViewCell.swift in Sources */,
				39089E8325E1A4A8006E5603 /* RoadCondition+CoreDataProperties.swift in Sources */,
				39089E8225E1A4A8006E5603 /* RoadCondition+CoreDataClass.swift in Sources */,
				39089E6C25E1A4A8006E5603 /* UIViewController+Extension.swift in Sources */,
				39089E8625E1A4A8006E5603 /* MainManager.swift in Sources */,
			);
			runOnlyForDeploymentPostprocessing = 0;
		};
/* End PBXSourcesBuildPhase section */

/* Begin PBXVariantGroup section */
		39089E0525E1A4A8006E5603 /* LaunchScreen.storyboard */ = {
			isa = PBXVariantGroup;
			children = (
				39089E0625E1A4A8006E5603 /* Base */,
			);
			name = LaunchScreen.storyboard;
			sourceTree = "<group>";
		};
		39089E0725E1A4A8006E5603 /* Main.storyboard */ = {
			isa = PBXVariantGroup;
			children = (
				39089E0825E1A4A8006E5603 /* Base */,
			);
			name = Main.storyboard;
			sourceTree = "<group>";
		};
		39089E3B25E1A4A8006E5603 /* Localizable.strings */ = {
			isa = PBXVariantGroup;
			children = (
				39089E3C25E1A4A8006E5603 /* de */,
				39089E3D25E1A4A8006E5603 /* en */,
				39C1B51E25EAE4B000D6181C /* bs */,
			);
			name = Localizable.strings;
			sourceTree = "<group>";
		};
/* End PBXVariantGroup section */

/* Begin XCBuildConfiguration section */
		39BB0B8625A22222000F3E65 /* Debug */ = {
			isa = XCBuildConfiguration;
			buildSettings = {
				ALWAYS_SEARCH_USER_PATHS = NO;
				CLANG_ANALYZER_LOCALIZABILITY_NONLOCALIZED = YES;
				CLANG_ANALYZER_NONNULL = YES;
				CLANG_ANALYZER_NUMBER_OBJECT_CONVERSION = YES_AGGRESSIVE;
				CLANG_CXX_LANGUAGE_STANDARD = "gnu++14";
				CLANG_CXX_LIBRARY = "libc++";
				CLANG_ENABLE_MODULES = YES;
				CLANG_ENABLE_OBJC_ARC = YES;
				CLANG_ENABLE_OBJC_WEAK = YES;
				CLANG_WARN_BLOCK_CAPTURE_AUTORELEASING = YES;
				CLANG_WARN_BOOL_CONVERSION = YES;
				CLANG_WARN_COMMA = YES;
				CLANG_WARN_CONSTANT_CONVERSION = YES;
				CLANG_WARN_DEPRECATED_OBJC_IMPLEMENTATIONS = YES;
				CLANG_WARN_DIRECT_OBJC_ISA_USAGE = YES_ERROR;
				CLANG_WARN_DOCUMENTATION_COMMENTS = YES;
				CLANG_WARN_EMPTY_BODY = YES;
				CLANG_WARN_ENUM_CONVERSION = YES;
				CLANG_WARN_INFINITE_RECURSION = YES;
				CLANG_WARN_INT_CONVERSION = YES;
				CLANG_WARN_NON_LITERAL_NULL_CONVERSION = YES;
				CLANG_WARN_OBJC_IMPLICIT_RETAIN_SELF = YES;
				CLANG_WARN_OBJC_LITERAL_CONVERSION = YES;
				CLANG_WARN_OBJC_ROOT_CLASS = YES_ERROR;
				CLANG_WARN_QUOTED_INCLUDE_IN_FRAMEWORK_HEADER = YES;
				CLANG_WARN_RANGE_LOOP_ANALYSIS = YES;
				CLANG_WARN_STRICT_PROTOTYPES = YES;
				CLANG_WARN_SUSPICIOUS_MOVE = YES;
				CLANG_WARN_UNGUARDED_AVAILABILITY = YES_AGGRESSIVE;
				CLANG_WARN_UNREACHABLE_CODE = YES;
				CLANG_WARN__DUPLICATE_METHOD_MATCH = YES;
				COPY_PHASE_STRIP = NO;
				DEBUG_INFORMATION_FORMAT = dwarf;
				ENABLE_STRICT_OBJC_MSGSEND = YES;
				ENABLE_TESTABILITY = YES;
				GCC_C_LANGUAGE_STANDARD = gnu11;
				GCC_DYNAMIC_NO_PIC = NO;
				GCC_NO_COMMON_BLOCKS = YES;
				GCC_OPTIMIZATION_LEVEL = 0;
				GCC_PREPROCESSOR_DEFINITIONS = (
					"DEBUG=1",
					"$(inherited)",
				);
				GCC_WARN_64_TO_32_BIT_CONVERSION = YES;
				GCC_WARN_ABOUT_RETURN_TYPE = YES_ERROR;
				GCC_WARN_UNDECLARED_SELECTOR = YES;
				GCC_WARN_UNINITIALIZED_AUTOS = YES_AGGRESSIVE;
				GCC_WARN_UNUSED_FUNCTION = YES;
				GCC_WARN_UNUSED_VARIABLE = YES;
				IPHONEOS_DEPLOYMENT_TARGET = 15.6;
				MTL_ENABLE_DEBUG_INFO = INCLUDE_SOURCE;
				MTL_FAST_MATH = YES;
				ONLY_ACTIVE_ARCH = YES;
				SDKROOT = iphoneos;
				SWIFT_ACTIVE_COMPILATION_CONDITIONS = DEBUG;
				SWIFT_OPTIMIZATION_LEVEL = "-Onone";
			};
			name = Debug;
		};
		39BB0B8725A22222000F3E65 /* Release */ = {
			isa = XCBuildConfiguration;
			buildSettings = {
				ALWAYS_SEARCH_USER_PATHS = NO;
				CLANG_ANALYZER_LOCALIZABILITY_NONLOCALIZED = YES;
				CLANG_ANALYZER_NONNULL = YES;
				CLANG_ANALYZER_NUMBER_OBJECT_CONVERSION = YES_AGGRESSIVE;
				CLANG_CXX_LANGUAGE_STANDARD = "gnu++14";
				CLANG_CXX_LIBRARY = "libc++";
				CLANG_ENABLE_MODULES = YES;
				CLANG_ENABLE_OBJC_ARC = YES;
				CLANG_ENABLE_OBJC_WEAK = YES;
				CLANG_WARN_BLOCK_CAPTURE_AUTORELEASING = YES;
				CLANG_WARN_BOOL_CONVERSION = YES;
				CLANG_WARN_COMMA = YES;
				CLANG_WARN_CONSTANT_CONVERSION = YES;
				CLANG_WARN_DEPRECATED_OBJC_IMPLEMENTATIONS = YES;
				CLANG_WARN_DIRECT_OBJC_ISA_USAGE = YES_ERROR;
				CLANG_WARN_DOCUMENTATION_COMMENTS = YES;
				CLANG_WARN_EMPTY_BODY = YES;
				CLANG_WARN_ENUM_CONVERSION = YES;
				CLANG_WARN_INFINITE_RECURSION = YES;
				CLANG_WARN_INT_CONVERSION = YES;
				CLANG_WARN_NON_LITERAL_NULL_CONVERSION = YES;
				CLANG_WARN_OBJC_IMPLICIT_RETAIN_SELF = YES;
				CLANG_WARN_OBJC_LITERAL_CONVERSION = YES;
				CLANG_WARN_OBJC_ROOT_CLASS = YES_ERROR;
				CLANG_WARN_QUOTED_INCLUDE_IN_FRAMEWORK_HEADER = YES;
				CLANG_WARN_RANGE_LOOP_ANALYSIS = YES;
				CLANG_WARN_STRICT_PROTOTYPES = YES;
				CLANG_WARN_SUSPICIOUS_MOVE = YES;
				CLANG_WARN_UNGUARDED_AVAILABILITY = YES_AGGRESSIVE;
				CLANG_WARN_UNREACHABLE_CODE = YES;
				CLANG_WARN__DUPLICATE_METHOD_MATCH = YES;
				COPY_PHASE_STRIP = NO;
				DEBUG_INFORMATION_FORMAT = "dwarf-with-dsym";
				ENABLE_NS_ASSERTIONS = NO;
				ENABLE_STRICT_OBJC_MSGSEND = YES;
				GCC_C_LANGUAGE_STANDARD = gnu11;
				GCC_NO_COMMON_BLOCKS = YES;
				GCC_WARN_64_TO_32_BIT_CONVERSION = YES;
				GCC_WARN_ABOUT_RETURN_TYPE = YES_ERROR;
				GCC_WARN_UNDECLARED_SELECTOR = YES;
				GCC_WARN_UNINITIALIZED_AUTOS = YES_AGGRESSIVE;
				GCC_WARN_UNUSED_FUNCTION = YES;
				GCC_WARN_UNUSED_VARIABLE = YES;
				IPHONEOS_DEPLOYMENT_TARGET = 15.6;
				MTL_ENABLE_DEBUG_INFO = NO;
				MTL_FAST_MATH = YES;
				SDKROOT = iphoneos;
				SWIFT_COMPILATION_MODE = wholemodule;
				SWIFT_OPTIMIZATION_LEVEL = "-O";
				VALIDATE_PRODUCT = YES;
			};
			name = Release;
		};
		39BB0B8925A22222000F3E65 /* Debug */ = {
			isa = XCBuildConfiguration;
			baseConfigurationReference = AE9DB9F63C6D9C0BEB2CE635 /* Pods-BosniaRoadTraffic.debug.xcconfig */;
			buildSettings = {
				ASSETCATALOG_COMPILER_APPICON_NAME = AppIcon;
				ASSETCATALOG_COMPILER_GLOBAL_ACCENT_COLOR_NAME = AccentColor;
				CODE_SIGN_STYLE = Automatic;
				DEVELOPMENT_TEAM = N79B4JKWQG;
				INFOPLIST_FILE = BosniaRoadTraffic/AppBackground/Info.plist;
				IPHONEOS_DEPLOYMENT_TARGET = 14.0;
				LD_RUNPATH_SEARCH_PATHS = (
					"$(inherited)",
					"@executable_path/Frameworks",
				);
				PRODUCT_BUNDLE_IDENTIFIER = com.bosniaroadtraffic.bosniaroadtraffic;
				PRODUCT_NAME = "Bosnia Road Traffic";
				SWIFT_VERSION = 5.0;
				TARGETED_DEVICE_FAMILY = "1,2";
			};
			name = Debug;
		};
		39BB0B8A25A22222000F3E65 /* Release */ = {
			isa = XCBuildConfiguration;
			baseConfigurationReference = 3E4805181E7025EEB0BA66AC /* Pods-BosniaRoadTraffic.release.xcconfig */;
			buildSettings = {
				ASSETCATALOG_COMPILER_APPICON_NAME = AppIcon;
				ASSETCATALOG_COMPILER_GLOBAL_ACCENT_COLOR_NAME = AccentColor;
				CODE_SIGN_STYLE = Automatic;
				DEVELOPMENT_TEAM = N79B4JKWQG;
				INFOPLIST_FILE = BosniaRoadTraffic/AppBackground/Info.plist;
				IPHONEOS_DEPLOYMENT_TARGET = 14.0;
				LD_RUNPATH_SEARCH_PATHS = (
					"$(inherited)",
					"@executable_path/Frameworks",
				);
				PRODUCT_BUNDLE_IDENTIFIER = com.bosniaroadtraffic.bosniaroadtraffic;
				PRODUCT_NAME = "Bosnia Road Traffic";
				SWIFT_VERSION = 5.0;
				TARGETED_DEVICE_FAMILY = "1,2";
			};
			name = Release;
		};
/* End XCBuildConfiguration section */

/* Begin XCConfigurationList section */
		39BB0B6C25A22222000F3E65 /* Build configuration list for PBXProject "BosniaRoadTraffic" */ = {
			isa = XCConfigurationList;
			buildConfigurations = (
				39BB0B8625A22222000F3E65 /* Debug */,
				39BB0B8725A22222000F3E65 /* Release */,
			);
			defaultConfigurationIsVisible = 0;
			defaultConfigurationName = Release;
		};
		39BB0B8825A22222000F3E65 /* Build configuration list for PBXNativeTarget "BosniaRoadTraffic" */ = {
			isa = XCConfigurationList;
			buildConfigurations = (
				39BB0B8925A22222000F3E65 /* Debug */,
				39BB0B8A25A22222000F3E65 /* Release */,
			);
			defaultConfigurationIsVisible = 0;
			defaultConfigurationName = Release;
		};
/* End XCConfigurationList section */

/* Begin XCVersionGroup section */
		39089EA625E1A93F006E5603 /* BosniaRoadTraffic.xcdatamodeld */ = {
			isa = XCVersionGroup;
			children = (
				39089EA725E1A93F006E5603 /* BosniaRoadTrafficApp.xcdatamodel */,
			);
			currentVersion = 39089EA725E1A93F006E5603 /* BosniaRoadTrafficApp.xcdatamodel */;
			path = BosniaRoadTraffic.xcdatamodeld;
			sourceTree = "<group>";
			versionGroupType = wrapper.xcdatamodel;
		};
/* End XCVersionGroup section */
	};
	rootObject = 39BB0B6925A22222000F3E65 /* Project object */;
}
